{
  "version": 4,
  "terraform_version": "1.10.3",
  "serial": 61,
  "lineage": "3dbbd5b1-02d6-6882-b3f5-72b39ae60b98",
  "outputs": {
    "alb_arn": {
      "value": "arn:aws:elasticloadbalancing:us-east-1:649671357648:loadbalancer/app/multicloud-devsecops-dev-alb/1236193d7be94eed",
      "type": "string"
    },
    "alb_dns_name": {
      "value": "multicloud-devsecops-dev-alb-977930594.us-east-1.elb.amazonaws.com",
      "type": "string"
    },
    "alb_security_group_id": {
      "value": "sg-0be41bcdd658dab9c",
      "type": "string"
    },
    "artifacts_bucket_arn": {
      "value": "arn:aws:s3:::multicloud-devsecops-dev-artifacts",
      "type": "string"
    },
    "artifacts_bucket_name": {
      "value": "multicloud-devsecops-dev-artifacts",
      "type": "string"
    },
    "aws_load_balancer_controller_role_arn": {
      "value": "arn:aws:iam::649671357648:role/multicloud-devsecops-dev-aws-load-balancer-controller-role",
      "type": "string"
    },
    "ecr_repository_arn": {
      "value": "arn:aws:ecr:us-east-1:649671357648:repository/multicloud-devsecops-dev-app",
      "type": "string"
    },
    "ecr_repository_name": {
      "value": "multicloud-devsecops-dev-app",
      "type": "string"
    },
    "ecr_repository_url": {
      "value": "649671357648.dkr.ecr.us-east-1.amazonaws.com/multicloud-devsecops-dev-app",
      "type": "string"
    },
    "eks_cluster_arn": {
      "value": "arn:aws:eks:us-east-1:649671357648:cluster/multicloud-devsecops-dev-eks",
      "type": "string"
    },
    "eks_cluster_endpoint": {
      "value": "https://173943B07FF6115D96A7D317DE570870.gr7.us-east-1.eks.amazonaws.com",
      "type": "string"
    },
    "eks_cluster_name": {
      "value": "multicloud-devsecops-dev-eks",
      "type": "string"
    },
    "eks_cluster_role_name": {
      "value": "multicloud-devsecops-dev-eks-cluster-role",
      "type": "string"
    },
    "eks_node_group_name": {
      "value": "multicloud-devsecops-dev-node-group",
      "type": "string"
    },
    "eks_node_role_name": {
      "value": "multicloud-devsecops-dev-eks-node-role",
      "type": "string"
    },
    "eks_oidc_issuer_url": {
      "value": "https://oidc.eks.us-east-1.amazonaws.com/id/173943B07FF6115D96A7D317DE570870",
      "type": "string"
    },
    "eks_oidc_provider_arn": {
      "value": "arn:aws:iam::649671357648:oidc-provider/oidc.eks.us-east-1.amazonaws.com/id/173943B07FF6115D96A7D317DE570870",
      "type": "string"
    },
    "eks_security_group_id": {
      "value": "sg-0c089837fe625f181",
      "type": "string"
    },
    "internet_gateway_id": {
      "value": "igw-084628570f49c7753",
      "type": "string"
    },
    "jenkins_autoscaling_group_name": {
      "value": "multicloud-devsecops-dev-jenkins-asg",
      "type": "string"
    },
    "jenkins_iam_role_name": {
      "value": "multicloud-devsecops-dev-jenkins-role",
      "type": "string"
    },
    "jenkins_instance_profile_name": {
      "value": "multicloud-devsecops-dev-jenkins-profile",
      "type": "string"
    },
    "jenkins_launch_template_id": {
      "value": "lt-0a1dcf699a2b75790",
      "type": "string"
    },
    "jenkins_security_group_id": {
      "value": "sg-0fd4d7f235b346eef",
      "type": "string"
    },
    "jenkins_target_group_arn": {
      "value": "arn:aws:elasticloadbalancing:us-east-1:649671357648:targetgroup/mc-dev-jenkins-tg/72cc6004ff0be434",
      "type": "string"
    },
    "nat_gateway_id": {
      "value": "nat-07cb130d3507278cf",
      "type": "string"
    },
    "private_route_table_id": {
      "value": "rtb-0cf25cec4f8b32472",
      "type": "string"
    },
    "private_subnet_ids": {
      "value": {
        "private_a": "subnet-0e0f8173157add9b0",
        "private_b": "subnet-03599a2b70e29510b"
      },
      "type": [
        "object",
        {
          "private_a": "string",
          "private_b": "string"
        }
      ]
    },
    "public_route_table_id": {
      "value": "rtb-05b1473b3e650abe5",
      "type": "string"
    },
    "public_subnet_ids": {
      "value": {
        "public_a": "subnet-0f147408e186fea0f",
        "public_b": "subnet-02befc7c60f7d8414"
      },
      "type": [
        "object",
        {
          "public_a": "string",
          "public_b": "string"
        }
      ]
    },
    "vpc_cidr": {
      "value": "10.0.0.0/16",
      "type": "string"
    },
    "vpc_id": {
      "value": "vpc-0640ef6e789c53382",
      "type": "string"
    }
  },
  "resources": [
    {
      "mode": "data",
      "type": "aws_iam_policy_document",
      "name": "ebs_csi_assume_role",
      "provider": "provider[\"registry.terraform.io/hashicorp/aws\"]",
      "instances": [
        {
          "schema_version": 0,
          "attributes": {
            "id": "650097720",
            "json": "{\n  \"Version\": \"2012-10-17\",\n  \"Statement\": [\n    {\n      \"Effect\": \"Allow\",\n      \"Action\": \"sts:AssumeRoleWithWebIdentity\",\n      \"Principal\": {\n        \"Federated\": \"arn:aws:iam::649671357648:oidc-provider/oidc.eks.us-east-1.amazonaws.com/id/173943B07FF6115D96A7D317DE570870\"\n      },\n      \"Condition\": {\n        \"StringEquals\": {\n          \"oidc.eks.us-east-1.amazonaws.com/id/173943B07FF6115D96A7D317DE570870:aud\": \"sts.amazonaws.com\",\n          \"oidc.eks.us-east-1.amazonaws.com/id/173943B07FF6115D96A7D317DE570870:sub\": \"system:serviceaccount:kube-system:ebs-csi-controller-sa\"\n        }\n      }\n    }\n  ]\n}",
            "minified_json": "{\"Version\":\"2012-10-17\",\"Statement\":[{\"Effect\":\"Allow\",\"Action\":\"sts:AssumeRoleWithWebIdentity\",\"Principal\":{\"Federated\":\"arn:aws:iam::649671357648:oidc-provider/oidc.eks.us-east-1.amazonaws.com/id/173943B07FF6115D96A7D317DE570870\"},\"Condition\":{\"StringEquals\":{\"oidc.eks.us-east-1.amazonaws.com/id/173943B07FF6115D96A7D317DE570870:aud\":\"sts.amazonaws.com\",\"oidc.eks.us-east-1.amazonaws.com/id/173943B07FF6115D96A7D317DE570870:sub\":\"system:serviceaccount:kube-system:ebs-csi-controller-sa\"}}}]}",
            "override_json": null,
            "override_policy_documents": null,
            "policy_id": null,
            "source_json": null,
            "source_policy_documents": null,
            "statement": [
              {
                "actions": [
                  "sts:AssumeRoleWithWebIdentity"
                ],
                "condition": [
                  {
                    "test": "StringEquals",
                    "values": [
                      "sts.amazonaws.com"
                    ],
                    "variable": "oidc.eks.us-east-1.amazonaws.com/id/173943B07FF6115D96A7D317DE570870:aud"
                  },
                  {
                    "test": "StringEquals",
                    "values": [
                      "system:serviceaccount:kube-system:ebs-csi-controller-sa"
                    ],
                    "variable": "oidc.eks.us-east-1.amazonaws.com/id/173943B07FF6115D96A7D317DE570870:sub"
                  }
                ],
                "effect": "Allow",
                "not_actions": [],
                "not_principals": [],
                "not_resources": [],
                "principals": [
                  {
                    "identifiers": [
                      "arn:aws:iam::649671357648:oidc-provider/oidc.eks.us-east-1.amazonaws.com/id/173943B07FF6115D96A7D317DE570870"
                    ],
                    "type": "Federated"
                  }
                ],
                "resources": [],
                "sid": ""
              }
            ],
            "version": "2012-10-17"
          },
          "sensitive_attributes": []
        }
      ]
    },
    {
      "mode": "data",
      "type": "tls_certificate",
      "name": "eks",
      "provider": "provider[\"registry.terraform.io/hashicorp/tls\"]",
      "instances": [
        {
          "schema_version": 0,
          "attributes": {
            "certificates": [
              {
                "cert_pem": "-----BEGIN CERTIFICATE-----\nMIIEkjCCA3qgAwIBAgITBn+USionzfP6wq4rAfkI7rnExjANBgkqhkiG9w0BAQsF\nADCBmDELMAkGA1UEBhMCVVMxEDAOBgNVBAgTB0FyaXpvbmExEzARBgNVBAcTClNj\nb3R0c2RhbGUxJTAjBgNVBAoTHFN0YXJmaWVsZCBUZWNobm9sb2dpZXMsIEluYy4x\nOzA5BgNVBAMTMlN0YXJmaWVsZCBTZXJ2aWNlcyBSb290IENlcnRpZmljYXRlIEF1\ndGhvcml0eSAtIEcyMB4XDTE1MDUyNTEyMDAwMFoXDTM3MTIzMTAxMDAwMFowOTEL\nMAkGA1UEBhMCVVMxDzANBgNVBAoTBkFtYXpvbjEZMBcGA1UEAxMQQW1hem9uIFJv\nb3QgQ0EgMTCCASIwDQYJKoZIhvcNAQEBBQADggEPADCCAQoCggEBALJ4gHHKeNXj\nca9HgFB0fW7Y14h29Jlo91ghYPl0hAEvrAIthtOgQ3pOsqTQNroBvo3bSMgHFzZM\n9O6II8c+6zf1tRn4SWiw3te5djgdYZ6k/oI2peVKVuRF4fn9tBb6dNqcmzU5L/qw\nIFAGbHrQgLKm+a/sRxmPUDgH3KKHOVj4utWp+UhnMJbulHheb4mjUcAwhmahRWa6\nVOujw5H5SNz/0egwLX0tdHA114gk957EWW67c4cX8jJGKLhD+rcdqsq08p8kDi1L\n93FcXmn/6pUCyziKrlA4b9v7LWIbxcceVOF34GfID5yHI9Y/QCB/IIDEgEw+OyQm\njgSubJrIqg0CAwEAAaOCATEwggEtMA8GA1UdEwEB/wQFMAMBAf8wDgYDVR0PAQH/\nBAQDAgGGMB0GA1UdDgQWBBSEGMyFNOy8DJSULghZnMeyEE4KCDAfBgNVHSMEGDAW\ngBScXwDfqgHXMCs4iKK4bUqc8hGRgzB4BggrBgEFBQcBAQRsMGowLgYIKwYBBQUH\nMAGGImh0dHA6Ly9vY3NwLnJvb3RnMi5hbWF6b250cnVzdC5jb20wOAYIKwYBBQUH\nMAKGLGh0dHA6Ly9jcnQucm9vdGcyLmFtYXpvbnRydXN0LmNvbS9yb290ZzIuY2Vy\nMD0GA1UdHwQ2MDQwMqAwoC6GLGh0dHA6Ly9jcmwucm9vdGcyLmFtYXpvbnRydXN0\nLmNvbS9yb290ZzIuY3JsMBEGA1UdIAQKMAgwBgYEVR0gADANBgkqhkiG9w0BAQsF\nAAOCAQEAYjdCXLwQtT6LLOkMm2xF4gcAevnFWAu5CIw+7bMlPLVvUOTNNWqnkzSW\nMiGpSESrnO09tKpzbeR/FoCJbM8oAxiDR3mjEH4wW6w7sGDgd9QIpuEdfF7Au/ma\neyKdpwAJfqxGF4PcnCZXmTA5YpaP7dreqsXMGz7KQ2hsVxa81Q4gLv7/wmpdLqBK\nbRRYh5TmOTFffHPLkIhqhBGWJ6bt2YFGpn6jcgAKUj6DiAdjd4lpFw85hdKrCEVN\n0FE6/V1dN2RMfjCyVSRCnTawXZwXgWHxyvkQAiSr6w10kY17RSlQOYiypok1JR4U\nakcjMS9cmvqtmg5iUaQqqcT5NJ0hGA==\n-----END CERTIFICATE-----\n",
                "is_ca": true,
                "issuer": "CN=Starfield Services Root Certificate Authority - G2,O=Starfield Technologies\\, Inc.,L=Scottsdale,ST=Arizona,C=US",
                "max_path_length": -1,
                "not_after": "2037-12-31T01:00:00Z",
                "not_before": "2015-05-25T12:00:00Z",
                "public_key_algorithm": "RSA",
                "serial_number": "144918191876577076464031512351042010504348870",
                "sha1_fingerprint": "06b25927c42a721631c1efd9431e648fa62e1e39",
                "signature_algorithm": "SHA256-RSA",
                "subject": "CN=Amazon Root CA 1,O=Amazon,C=US",
                "version": 3
              },
              {
                "cert_pem": "-----BEGIN CERTIFICATE-----\nMIIEXjCCA0agAwIBAgITB3MSOAudZoijOx7Zv5zNpo4ODzANBgkqhkiG9w0BAQsF\nADA5MQswCQYDVQQGEwJVUzEPMA0GA1UEChMGQW1hem9uMRkwFwYDVQQDExBBbWF6\nb24gUm9vdCBDQSAxMB4XDTIyMDgyMzIyMjEyOFoXDTMwMDgyMzIyMjEyOFowPDEL\nMAkGA1UEBhMCVVMxDzANBgNVBAoTBkFtYXpvbjEcMBoGA1UEAxMTQW1hem9uIFJT\nQSAyMDQ4IE0wMTCCASIwDQYJKoZIhvcNAQEBBQADggEPADCCAQoCggEBAOtxLKnL\nH4gokjIwr4pXD3i3NyWVVYesZ1yX0yLI2qIUZ2t88Gfa4gMqs1YSXca1R/lnCKeT\nepWSGA+0+fkQNpp/L4C2T7oTTsddUx7g3ZYzByDTlrwS5HRQQqEFE3O1T5tEJP4t\nf+28IoXsNiEzl3UGzicYgtzj2cWCB41eJgEmJmcf2T8TzzK6a614ZPyq/w4CPAff\nnAV4coz96nW3AyiE2uhuB4zQUIXvgVSycW7sbWLvj5TDXunEpNCRwC4kkZjK7rol\njtT2cbb7W2s4Bkg3R42G3PLqBvt2N32e/0JOTViCk8/iccJ4sXqrS1uUN4iB5Nmv\nJK74csVl+0u0UecCAwEAAaOCAVowggFWMBIGA1UdEwEB/wQIMAYBAf8CAQAwDgYD\nVR0PAQH/BAQDAgGGMB0GA1UdJQQWMBQGCCsGAQUFBwMBBggrBgEFBQcDAjAdBgNV\nHQ4EFgQUgbgOY4qJEhjl+js7UJWf5uWQE4UwHwYDVR0jBBgwFoAUhBjMhTTsvAyU\nlC4IWZzHshBOCggwewYIKwYBBQUHAQEEbzBtMC8GCCsGAQUFBzABhiNodHRwOi8v\nb2NzcC5yb290Y2ExLmFtYXpvbnRydXN0LmNvbTA6BggrBgEFBQcwAoYuaHR0cDov\nL2NydC5yb290Y2ExLmFtYXpvbnRydXN0LmNvbS9yb290Y2ExLmNlcjA/BgNVHR8E\nODA2MDSgMqAwhi5odHRwOi8vY3JsLnJvb3RjYTEuYW1hem9udHJ1c3QuY29tL3Jv\nb3RjYTEuY3JsMBMGA1UdIAQMMAowCAYGZ4EMAQIBMA0GCSqGSIb3DQEBCwUAA4IB\nAQCtAN4CBSMuBjJitGuxlBbkEUDeK/pZwTXv4KqPK0G50fOHOQAd8j21p0cMBgbG\nkfMHVwLU7b0XwZCav0h1ogdPMN1KakK1DT0VwA/+hFvGPJnMV1Kx2G4S1ZaSk0uU\n5QfoiYIIano01J5k4T2HapKQmmOhS/iPtuo00wW+IMLeBuKMn3OLn005hcrOGTad\nhcmeyfhQP7Z+iKHvyoQGi1C0ClymHETx/chhQGDyYSWqB/THwnN15AwLQo0E5V9E\nSJlbe4mBlqeInUsNYugExNf+tOiybcrswBy8OFsd34XOW3rjSUtsuafd9AWySa3h\nxRRrwszrzX/WWGm6wyB+f7C4\n-----END CERTIFICATE-----\n",
                "is_ca": true,
                "issuer": "CN=Amazon Root CA 1,O=Amazon,C=US",
                "max_path_length": 0,
                "not_after": "2030-08-23T22:21:28Z",
                "not_before": "2022-08-23T22:21:28Z",
                "public_key_algorithm": "RSA",
                "serial_number": "166129328851546858514271303855646110030630415",
                "sha1_fingerprint": "2ad974a775f73cbdbbd8f5ac3a49255fa8fb1f8c",
                "signature_algorithm": "SHA256-RSA",
                "subject": "CN=Amazon RSA 2048 M01,O=Amazon,C=US",
                "version": 3
              },
              {
                "cert_pem": "-----BEGIN CERTIFICATE-----\nMIIF3DCCBMSgAwIBAgIQDWSUrLO5Y9qkm2y4CpQ/CTANBgkqhkiG9w0BAQsFADA8\nMQswCQYDVQQGEwJVUzEPMA0GA1UEChMGQW1hem9uMRwwGgYDVQQDExNBbWF6b24g\nUlNBIDIwNDggTTAxMB4XDTI2MDEyNzAwMDAwMFoXDTI3MDIyNTIzNTk1OVowKDEm\nMCQGA1UEAwwdKi5la3MudXMtZWFzdC0xLmFtYXpvbmF3cy5jb20wggEiMA0GCSqG\nSIb3DQEBAQUAA4IBDwAwggEKAoIBAQDjfWC3ScmP3Yt3ENQgpvZzbXg3ZqdR+F5k\n/SIXqF2RRdrDIu3B0CivVPkNbZxS4dUjum7WHRV3+cjhne679pLBzKp/aCqycyVr\nqiGvPsCOywSNgCQ7KGZ7fR9L0o4eQ5vsotNTjF1HDkoVGdjDt8qjFedVngnnLZ2f\n9E/tACJHoCXLbg1BLI/0xXQKZqLiLGUgcLhnZjYn6AW8QgXgGyJMwHo6n13wf8uY\n3RAaOWMsTglOfMrPMKclQBwh4OaWzHD3SLXnjAvdtuErZGWSz01pRY89FfxZWtSf\nxGG+ERvHMAoM2lIbV74Bs0B+qVVAxP658rpMbPevtRrlj+fYkFzvAgMBAAGjggLs\nMIIC6DAfBgNVHSMEGDAWgBSBuA5jiokSGOX6OztQlZ/m5ZAThTAdBgNVHQ4EFgQU\npzXKZp4CIP0/n8bNGf3YAZVaFtIwKAYDVR0RBCEwH4IdKi5la3MudXMtZWFzdC0x\nLmFtYXpvbmF3cy5jb20wEwYDVR0gBAwwCjAIBgZngQwBAgEwDgYDVR0PAQH/BAQD\nAgWgMBMGA1UdJQQMMAoGCCsGAQUFBwMBMDsGA1UdHwQ0MDIwMKAuoCyGKmh0dHA6\nLy9jcmwucjJtMDEuYW1hem9udHJ1c3QuY29tL3IybTAxLmNybDB1BggrBgEFBQcB\nAQRpMGcwLQYIKwYBBQUHMAGGIWh0dHA6Ly9vY3NwLnIybTAxLmFtYXpvbnRydXN0\nLmNvbTA2BggrBgEFBQcwAoYqaHR0cDovL2NydC5yMm0wMS5hbWF6b250cnVzdC5j\nb20vcjJtMDEuY2VyMAwGA1UdEwEB/wQCMAAwggF+BgorBgEEAdZ5AgQCBIIBbgSC\nAWoBaAB1AExj3JjlnB2riPYeij3ero+rRKM3e1+blMP7oZz8wb4mAAABm/3p2vcA\nAAQDAEYwRAIgOCwhiOx8FXqVNu1L+Mv2q8pJCKzIqLFwCE6VAugMkb0CIBu7W9o8\nRWfC1A9XjVWFxJ0uIquBPcEycQMNc8pRKAJFAHcAHJ9oLOn68EVpUPgbloqH3dsy\nENhM5siy44JSSsTPWZ8AAAGb/ena3wAABAMASDBGAiEAjAu69L5N17FqPfmXSt1v\ngM+df4yz50M/fb2LDfmx+xECIQC3B3aoHVNsjqYMmqwQgR4ViKIREwNzCYKBm+W0\nGnlwnwB2AGBMmq96f3dfAdQG/JINyJnrCxx9+MlSG/r6F3c7l4vJAAABm/3p28gA\nAAQDAEcwRQIgMiBVCk6C4EylG885QJIv8X2wpplMtdWJxyt3JVQ56NUCIQC6uZDM\nw0VrwTXkW4eLg73D5Z89Z8tadQwizoXyjBAaYjANBgkqhkiG9w0BAQsFAAOCAQEA\nHMEZInJfTjgc0JTF+C7ZR/8rk1c511SMI9RcmNjnrkoP3pBPQTSEU92bGaCYvOYO\nRMB1bAOk/Ql9kDBSRDcKiOz8wPWZBgyJZRMSVyO5WbLM//8jsP83vmvFNbSo7Tuk\n5R6KAtzOMOymwITZeM6k4saoyB847rmlPDIkD/RRM0Col+Ik8+V3HSdHsnrA/3Ep\n1ICdUJvE0M9oEnbO2DWrCz6yOuz0AcfcmMGTBLqlsFdoJpcXj7c1QcCJaK1B7qaQ\nuQXdywqElVO6BrBxHQROLxjLHXMNblOzvrXYWGkhiQ+0cYYCMBtbhpphhebxnUBV\nuCxvp9/yY1GmsG6lwzLYEw==\n-----END CERTIFICATE-----\n",
                "is_ca": false,
                "issuer": "CN=Amazon RSA 2048 M01,O=Amazon,C=US",
                "max_path_length": -1,
                "not_after": "2027-02-25T23:59:59Z",
                "not_before": "2026-01-27T00:00:00Z",
                "public_key_algorithm": "RSA",
                "serial_number": "17802209110544621593474031143248740105",
                "sha1_fingerprint": "37647fee5fc063960139521aa2400c75db27825b",
                "signature_algorithm": "SHA256-RSA",
                "subject": "CN=*.eks.us-east-1.amazonaws.com",
                "version": 3
              }
            ],
            "content": null,
            "id": "b1b539daa206035ae3c3e28288b0681fa1b462f3",
            "url": "https://oidc.eks.us-east-1.amazonaws.com/id/173943B07FF6115D96A7D317DE570870",
            "verify_chain": true
          },
          "sensitive_attributes": []
        }
      ]
    },
    {
      "mode": "managed",
      "type": "aws_autoscaling_group",
      "name": "jenkins",
      "provider": "provider[\"registry.terraform.io/hashicorp/aws\"]",
      "instances": [
        {
          "schema_version": 1,
          "attributes": {
            "arn": "arn:aws:autoscaling:us-east-1:649671357648:autoScalingGroup:6e0b6dfc-d6df-4266-98a6-9495c518508f:autoScalingGroupName/multicloud-devsecops-dev-jenkins-asg",
            "availability_zone_distribution": [
              {
                "capacity_distribution_strategy": "balanced-best-effort"
              }
            ],
            "availability_zones": [
              "us-east-1a",
              "us-east-1b"
            ],
            "capacity_rebalance": false,
            "capacity_reservation_specification": [
              {
                "capacity_reservation_preference": "default",
                "capacity_reservation_target": []
              }
            ],
            "context": "",
            "default_cooldown": 300,
            "default_instance_warmup": 0,
            "desired_capacity": 1,
            "desired_capacity_type": "",
            "enabled_metrics": null,
            "force_delete": false,
            "force_delete_warm_pool": false,
            "health_check_grace_period": 1200,
            "health_check_type": "ELB",
            "id": "multicloud-devsecops-dev-jenkins-asg",
            "ignore_failed_scaling_activities": false,
            "initial_lifecycle_hook": [],
            "instance_lifecycle_policy": [
              {
                "retention_triggers": [
                  {
                    "terminate_hook_abandon": "terminate"
                  }
                ]
              }
            ],
            "instance_maintenance_policy": [],
            "instance_refresh": [],
            "launch_configuration": "",
            "launch_template": [
              {
                "id": "lt-0a1dcf699a2b75790",
                "name": "multicloud-devsecops-dev-jenkins-lt",
                "version": "1"
              }
            ],
            "load_balancers": [],
            "max_instance_lifetime": 0,
            "max_size": 2,
            "metrics_granularity": "1Minute",
            "min_elb_capacity": null,
            "min_size": 1,
            "mixed_instances_policy": [],
            "name": "multicloud-devsecops-dev-jenkins-asg",
            "name_prefix": "",
            "placement_group": "",
            "predicted_capacity": 0,
            "protect_from_scale_in": false,
            "region": "us-east-1",
            "service_linked_role_arn": "arn:aws:iam::649671357648:role/aws-service-role/autoscaling.amazonaws.com/AWSServiceRoleForAutoScaling",
            "suspended_processes": null,
            "tag": [
              {
                "key": "Name",
                "propagate_at_launch": true,
                "value": "multicloud-devsecops-dev-jenkins"
              },
              {
                "key": "Role",
                "propagate_at_launch": true,
                "value": "Jenkins"
              }
            ],
            "target_group_arns": [
              "arn:aws:elasticloadbalancing:us-east-1:649671357648:targetgroup/mc-dev-jenkins-tg/72cc6004ff0be434"
            ],
            "termination_policies": null,
            "timeouts": null,
            "traffic_source": [
              {
                "identifier": "arn:aws:elasticloadbalancing:us-east-1:649671357648:targetgroup/mc-dev-jenkins-tg/72cc6004ff0be434",
                "type": "elbv2"
              }
            ],
            "vpc_zone_identifier": [
              "subnet-03599a2b70e29510b",
              "subnet-0e0f8173157add9b0"
            ],
            "wait_for_capacity_timeout": "10m",
            "wait_for_elb_capacity": null,
            "warm_pool": [],
            "warm_pool_size": 0
          },
          "sensitive_attributes": [],
          "private": "eyJlMmJmYjczMC1lY2FhLTExZTYtOGY4OC0zNDM2M2JjN2M0YzAiOnsiZGVsZXRlIjo2MDAwMDAwMDAwMDAsInVwZGF0ZSI6NjAwMDAwMDAwMDAwfSwic2NoZW1hX3ZlcnNpb24iOiIxIn0=",
          "dependencies": [
            "aws_iam_instance_profile.jenkins_profile",
            "aws_iam_role.jenkins_role",
            "aws_key_pair.main",
            "aws_launch_template.jenkins",
            "aws_lb_target_group.jenkins",
            "aws_security_group.alb_sg",
            "aws_security_group.jenkins_sg",
            "aws_subnet.private",
            "aws_vpc.main"
          ]
        }
      ]
    },
    {
      "mode": "managed",
      "type": "aws_ecr_lifecycle_policy",
      "name": "app",
      "provider": "provider[\"registry.terraform.io/hashicorp/aws\"]",
      "instances": [
        {
          "schema_version": 0,
          "attributes": {
            "id": "multicloud-devsecops-dev-app",
            "policy": "{\"rules\":[{\"action\":{\"type\":\"expire\"},\"description\":\"Keep only the latest 20 images\",\"rulePriority\":1,\"selection\":{\"countNumber\":20,\"countType\":\"imageCountMoreThan\",\"tagStatus\":\"any\"}}]}",
            "region": "us-east-1",
            "registry_id": "649671357648",
            "repository": "multicloud-devsecops-dev-app"
          },
          "sensitive_attributes": [],
          "private": "bnVsbA==",
          "dependencies": [
            "aws_ecr_repository.app"
          ]
        }
      ]
    },
    {
      "mode": "managed",
      "type": "aws_ecr_repository",
      "name": "app",
      "provider": "provider[\"registry.terraform.io/hashicorp/aws\"]",
      "instances": [
        {
          "schema_version": 0,
          "attributes": {
            "arn": "arn:aws:ecr:us-east-1:649671357648:repository/multicloud-devsecops-dev-app",
            "encryption_configuration": [
              {
                "encryption_type": "AES256",
                "kms_key": ""
              }
            ],
            "force_delete": null,
            "id": "multicloud-devsecops-dev-app",
            "image_scanning_configuration": [
              {
                "scan_on_push": true
              }
            ],
            "image_tag_mutability": "IMMUTABLE",
            "image_tag_mutability_exclusion_filter": [],
            "name": "multicloud-devsecops-dev-app",
            "region": "us-east-1",
            "registry_id": "649671357648",
            "repository_url": "649671357648.dkr.ecr.us-east-1.amazonaws.com/multicloud-devsecops-dev-app",
            "tags": {
              "Name": "multicloud-devsecops-dev-ecr",
              "Purpose": "Application container images"
            },
            "tags_all": {
              "Environment": "dev",
              "ManagedBy": "Terraform",
              "Name": "multicloud-devsecops-dev-ecr",
              "Project": "multicloud-devsecops",
              "Purpose": "Application container images"
            },
            "timeouts": null
          },
          "sensitive_attributes": [],
          "private": "eyJlMmJmYjczMC1lY2FhLTExZTYtOGY4OC0zNDM2M2JjN2M0YzAiOnsiZGVsZXRlIjoxMjAwMDAwMDAwMDAwfX0="
        }
      ]
    },
    {
      "mode": "managed",
      "type": "aws_eip",
      "name": "nat",
      "provider": "provider[\"registry.terraform.io/hashicorp/aws\"]",
      "instances": [
        {
          "schema_version": 0,
          "attributes": {
            "address": null,
            "allocation_id": "eipalloc-081ae36cc24c46797",
            "arn": "arn:aws:ec2:us-east-1:649671357648:elastic-ip/eipalloc-081ae36cc24c46797",
            "associate_with_private_ip": null,
            "association_id": "",
            "carrier_ip": "",
            "customer_owned_ip": "",
            "customer_owned_ipv4_pool": "",
            "domain": "vpc",
            "id": "eipalloc-081ae36cc24c46797",
            "instance": "",
            "ipam_pool_id": "",
            "network_border_group": "us-east-1",
            "network_interface": "",
            "private_dns": "",
            "private_ip": "",
            "ptr_record": "",
            "public_dns": "ec2-32-198-222-16.compute-1.amazonaws.com",
            "public_ip": "32.198.222.16",
            "public_ipv4_pool": "amazon",
            "region": "us-east-1",
            "tags": {
              "Name": "multicloud-devsecops-dev-nat-eip"
            },
            "tags_all": {
              "Environment": "dev",
              "ManagedBy": "Terraform",
              "Name": "multicloud-devsecops-dev-nat-eip",
              "Project": "multicloud-devsecops"
            },
            "timeouts": null
          },
          "sensitive_attributes": [],
          "private": "eyJlMmJmYjczMC1lY2FhLTExZTYtOGY4OC0zNDM2M2JjN2M0YzAiOnsiZGVsZXRlIjoxODAwMDAwMDAwMDAsInJlYWQiOjkwMDAwMDAwMDAwMCwidXBkYXRlIjozMDAwMDAwMDAwMDB9fQ=="
        }
      ]
    },
    {
      "mode": "managed",
      "type": "aws_eks_access_entry",
      "name": "jenkins",
      "provider": "provider[\"registry.terraform.io/hashicorp/aws\"]",
      "instances": [
        {
          "schema_version": 0,
          "attributes": {
            "access_entry_arn": "arn:aws:eks:us-east-1:649671357648:access-entry/multicloud-devsecops-dev-eks/role/649671357648/multicloud-devsecops-dev-jenkins-role/1ecfe5d3-1387-f274-71d7-5e39ab1d9e42",
            "cluster_name": "multicloud-devsecops-dev-eks",
            "created_at": "2026-08-04T07:21:31Z",
            "id": "multicloud-devsecops-dev-eks:arn:aws:iam::649671357648:role/multicloud-devsecops-dev-jenkins-role",
            "kubernetes_groups": [],
            "modified_at": "2026-08-04T07:21:31Z",
            "principal_arn": "arn:aws:iam::649671357648:role/multicloud-devsecops-dev-jenkins-role",
            "region": "us-east-1",
            "tags": null,
            "tags_all": {
              "Environment": "dev",
              "ManagedBy": "Terraform",
              "Project": "multicloud-devsecops"
            },
            "timeouts": null,
            "type": "STANDARD",
            "user_name": "arn:aws:sts::649671357648:assumed-role/multicloud-devsecops-dev-jenkins-role/{{SessionName}}"
          },
          "sensitive_attributes": [],
          "private": "eyJlMmJmYjczMC1lY2FhLTExZTYtOGY4OC0zNDM2M2JjN2M0YzAiOnsiY3JlYXRlIjo2MDAwMDAwMDAwMDAsImRlbGV0ZSI6NjAwMDAwMDAwMDAwfX0=",
          "dependencies": [
            "aws_eks_cluster.main",
            "aws_iam_role.eks_cluster_role",
            "aws_iam_role.jenkins_role",
            "aws_iam_role_policy_attachment.eks_cluster_policy",
            "aws_security_group.eks_sg",
            "aws_subnet.private",
            "aws_vpc.main"
          ]
        }
      ]
    },
    {
      "mode": "managed",
      "type": "aws_eks_access_policy_association",
      "name": "jenkins_admin",
      "provider": "provider[\"registry.terraform.io/hashicorp/aws\"]",
      "instances": [
        {
          "schema_version": 0,
          "attributes": {
            "access_scope": [
              {
                "namespaces": null,
                "type": "cluster"
              }
            ],
            "associated_at": "2026-08-04 07:21:36.839 +0000 UTC",
            "cluster_name": "multicloud-devsecops-dev-eks",
            "id": "multicloud-devsecops-dev-eks#arn:aws:iam::649671357648:role/multicloud-devsecops-dev-jenkins-role#arn:aws:eks::aws:cluster-access-policy/AmazonEKSClusterAdminPolicy",
            "modified_at": "2026-08-04 07:21:36.839 +0000 UTC",
            "policy_arn": "arn:aws:eks::aws:cluster-access-policy/AmazonEKSClusterAdminPolicy",
            "principal_arn": "arn:aws:iam::649671357648:role/multicloud-devsecops-dev-jenkins-role",
            "region": "us-east-1",
            "timeouts": null
          },
          "sensitive_attributes": [],
          "private": "eyJlMmJmYjczMC1lY2FhLTExZTYtOGY4OC0zNDM2M2JjN2M0YzAiOnsiY3JlYXRlIjo2MDAwMDAwMDAwMDAsImRlbGV0ZSI6NjAwMDAwMDAwMDAwfX0=",
          "dependencies": [
            "aws_eks_access_entry.jenkins",
            "aws_eks_cluster.main",
            "aws_iam_role.eks_cluster_role",
            "aws_iam_role.jenkins_role",
            "aws_iam_role_policy_attachment.eks_cluster_policy",
            "aws_security_group.eks_sg",
            "aws_subnet.private",
            "aws_vpc.main"
          ]
        }
      ]
    },
    {
      "mode": "managed",
      "type": "aws_eks_addon",
      "name": "ebs_csi_driver",
      "provider": "provider[\"registry.terraform.io/hashicorp/aws\"]",
      "instances": [
        {
          "schema_version": 0,
          "attributes": {
            "addon_name": "aws-ebs-csi-driver",
            "addon_version": "v1.51.0-eksbuild.1",
            "arn": "arn:aws:eks:us-east-1:649671357648:addon/multicloud-devsecops-dev-eks/aws-ebs-csi-driver/56cfe5d3-eeec-b245-58ca-5771aafb4ce8",
            "cluster_name": "multicloud-devsecops-dev-eks",
            "configuration_values": "",
            "created_at": "2026-08-04T07:23:24Z",
            "id": "multicloud-devsecops-dev-eks:aws-ebs-csi-driver",
            "modified_at": "2026-08-04T07:24:01Z",
            "namespace_config": [
              {
                "namespace": "kube-system"
              }
            ],
            "pod_identity_association": [],
            "preserve": null,
            "region": "us-east-1",
            "resolve_conflicts_on_create": "OVERWRITE",
            "resolve_conflicts_on_update": "PRESERVE",
            "service_account_role_arn": "arn:aws:iam::649671357648:role/multicloud-devsecops-dev-ebs-csi-driver-role",
            "tags": {
              "Environment": "dev",
              "ManagedBy": "Terraform",
              "Project": "multicloud-devsecops"
            },
            "tags_all": {
              "Environment": "dev",
              "ManagedBy": "Terraform",
              "Project": "multicloud-devsecops"
            },
            "timeouts": null
          },
          "sensitive_attributes": [],
          "private": "eyJlMmJmYjczMC1lY2FhLTExZTYtOGY4OC0zNDM2M2JjN2M0YzAiOnsiY3JlYXRlIjoxMjAwMDAwMDAwMDAwLCJkZWxldGUiOjI0MDAwMDAwMDAwMDAsInVwZGF0ZSI6MTIwMDAwMDAwMDAwMH19",
          "dependencies": [
            "aws_eks_cluster.main",
            "aws_eks_node_group.main",
            "aws_iam_openid_connect_provider.eks",
            "aws_iam_role.ebs_csi_driver",
            "aws_iam_role.eks_cluster_role",
            "aws_iam_role.eks_node_role",
            "aws_iam_role_policy_attachment.ebs_csi_driver",
            "aws_iam_role_policy_attachment.eks_cluster_policy",
            "aws_iam_role_policy_attachment.eks_cni_policy",
            "aws_iam_role_policy_attachment.eks_container_registry_read_only",
            "aws_iam_role_policy_attachment.eks_worker_node_policy",
            "aws_security_group.eks_sg",
            "aws_subnet.private",
            "aws_vpc.main",
            "data.aws_iam_policy_document.ebs_csi_assume_role",
            "data.tls_certificate.eks"
          ]
        }
      ]
    },
    {
      "mode": "managed",
      "type": "aws_eks_cluster",
      "name": "main",
      "provider": "provider[\"registry.terraform.io/hashicorp/aws\"]",
      "instances": [
        {
          "schema_version": 1,
          "attributes": {
            "access_config": [
              {
                "authentication_mode": "API_AND_CONFIG_MAP",
                "bootstrap_cluster_creator_admin_permissions": true
              }
            ],
            "arn": "arn:aws:eks:us-east-1:649671357648:cluster/multicloud-devsecops-dev-eks",
            "bootstrap_self_managed_addons": true,
            "certificate_authority": [
              {
                "data": "LS0tLS1CRUdJTiBDRVJUSUZJQ0FURS0tLS0tCk1JSURCVENDQWUyZ0F3SUJBZ0lJS053aDBJTHBmMVl3RFFZSktvWklodmNOQVFFTEJRQXdGVEVUTUJFR0ExVUUKQXhNS2EzVmlaWEp1WlhSbGN6QWVGdzB5TmpBNE1EUXdOekV4TkRkYUZ3MHpOakE0TURFd056RTJORGRhTUJVeApFekFSQmdOVkJBTVRDbXQxWW1WeWJtVjBaWE13Z2dFaU1BMEdDU3FHU0liM0RRRUJBUVVBQTRJQkR3QXdnZ0VLCkFvSUJBUURrc04yV3dhRm9TbUhlRE54RWorR3NvM081K0tYaTBuTVY2Z3RyRXVxdzFqeVM4SkphS2h5RS9IdTkKNmZxdFQzNERHb0tUZ3lhSm9hNGluUUt0aFNLK0VQaFM1TldVQzcyTGhBdlJ2RGtmUmdUOFlOQnlnUFNVUzNSUAo2WFl4cENLVDlydEIzbzFsZ2VoL1N2K0ZwUkRrTDZHeE51WWljRXRvVTAxT3p1OEpWU0w4MFZVUitScTdNeXhWCndWMytUdjJRT3g1bFF2QlFsVDVFSUtBYzF6dHVZUGJiUEZxYWs5U1lIa29DWGovRGdiZituL1RpZ0VMUVl2b1YKbWtvT3BQUVVRb21Za016UDRSV0lmWEVqYnoxeHd5UE5mSEhCdGNTT09UZWsrdllNcEo4Mng2RjRIK2Q0Ri93YgpOS00zOWtJaTdDSllYbkx4dnFuKzVyUGNDOG9CQWdNQkFBR2pXVEJYTUE0R0ExVWREd0VCL3dRRUF3SUNwREFQCkJnTlZIUk1CQWY4RUJUQURBUUgvTUIwR0ExVWREZ1FXQkJTcFdwYk1DSFM3RjIrN2plbWFVSkNxc25lMTdqQVYKQmdOVkhSRUVEakFNZ2dwcmRXSmxjbTVsZEdWek1BMEdDU3FHU0liM0RRRUJDd1VBQTRJQkFRQytkTng3Rk9waQpjN2FCcW1NaFpsVnh4SktGd25wenRnT3dJZFpEK1ZRSTYrYklvQmpqV3RXQjJlUzNHM3M1MmJiTmRvbWN5UkFBCm00TVNOeVQ2SkdUSGFOamJmZUZ4NkZmVmdranM2SHBxQUt1Q2ZwbWR3MzV6K3dMU0Y1WTJMVEI1VXdnb1Nka2QKVFRIZHkxc04xNDBoUEZmd1c2SVpoNVVncThLcFU1Q2hNZjNaYzdxbEw5Wi9MSERHbHE1WWpxdzBTNlFRai9ZSgozbHlKMTBMWEk0RjdhS2tTb012MzAvVWdFWTUxVU1YSVRXVEtyM1lSUFBYc2tpY1kwWEFqTXFSOGg0TFZmMWZzClJuUC83UTdjWjN3S3ZWL01BSjRkZ3FmSU9oM0tQeTVJY3ByRXAya0NFWVV6TEdsMHczQUdoaDdxZDAwUTBhSFoKOUNzeFZQZlJNMTFaCi0tLS0tRU5EIENFUlRJRklDQVRFLS0tLS0K"
              }
            ],
            "cluster_id": null,
            "compute_config": [
              {
                "enabled": false,
                "node_pools": [],
                "node_role_arn": ""
              }
            ],
            "control_plane_scaling_config": [
              {
                "tier": "standard"
              }
            ],
            "created_at": "2026-08-04T07:10:37Z",
            "deletion_protection": false,
            "enabled_cluster_log_types": null,
            "encryption_config": [],
            "endpoint": "https://173943B07FF6115D96A7D317DE570870.gr7.us-east-1.eks.amazonaws.com",
            "force_update_version": null,
            "id": "multicloud-devsecops-dev-eks",
            "identity": [
              {
                "oidc": [
                  {
                    "issuer": "https://oidc.eks.us-east-1.amazonaws.com/id/173943B07FF6115D96A7D317DE570870"
                  }
                ]
              }
            ],
            "kubernetes_network_config": [
              {
                "elastic_load_balancing": [
                  {
                    "enabled": false
                  }
                ],
                "ip_family": "ipv4",
                "service_ipv4_cidr": "172.20.0.0/16",
                "service_ipv6_cidr": ""
              }
            ],
            "name": "multicloud-devsecops-dev-eks",
            "outpost_config": [],
            "platform_version": "eks.43",
            "region": "us-east-1",
            "remote_network_config": [],
            "role_arn": "arn:aws:iam::649671357648:role/multicloud-devsecops-dev-eks-cluster-role",
            "status": "ACTIVE",
            "storage_config": [
              {
                "block_storage": [
                  {
                    "enabled": false
                  }
                ]
              }
            ],
            "tags": {
              "Name": "multicloud-devsecops-dev-eks"
            },
            "tags_all": {
              "Environment": "dev",
              "ManagedBy": "Terraform",
              "Name": "multicloud-devsecops-dev-eks",
              "Project": "multicloud-devsecops"
            },
            "timeouts": null,
            "upgrade_policy": [
              {
                "support_type": "EXTENDED"
              }
            ],
            "version": "1.33",
            "vpc_config": [
              {
                "cluster_security_group_id": "sg-0cb381369a90acc01",
                "control_plane_egress_mode": "AWS_MANAGED",
                "endpoint_private_access": true,
                "endpoint_public_access": true,
                "public_access_cidrs": [
                  "0.0.0.0/0"
                ],
                "security_group_ids": [
                  "sg-0c089837fe625f181"
                ],
                "subnet_ids": [
                  "subnet-03599a2b70e29510b",
                  "subnet-0e0f8173157add9b0"
                ],
                "vpc_id": "vpc-0640ef6e789c53382"
              }
            ],
            "zonal_shift_config": []
          },
          "sensitive_attributes": [],
          "private": "eyJlMmJmYjczMC1lY2FhLTExZTYtOGY4OC0zNDM2M2JjN2M0YzAiOnsiY3JlYXRlIjoxODAwMDAwMDAwMDAwLCJkZWxldGUiOjkwMDAwMDAwMDAwMCwidXBkYXRlIjozNjAwMDAwMDAwMDAwfSwic2NoZW1hX3ZlcnNpb24iOiIxIn0=",
          "dependencies": [
            "aws_iam_role.eks_cluster_role",
            "aws_iam_role_policy_attachment.eks_cluster_policy",
            "aws_security_group.eks_sg",
            "aws_subnet.private",
            "aws_vpc.main"
          ]
        }
      ]
    },
    {
      "mode": "managed",
      "type": "aws_eks_node_group",
      "name": "main",
      "provider": "provider[\"registry.terraform.io/hashicorp/aws\"]",
      "instances": [
        {
          "schema_version": 0,
          "attributes": {
            "ami_type": "AL2023_x86_64_STANDARD",
            "arn": "arn:aws:eks:us-east-1:649671357648:nodegroup/multicloud-devsecops-dev-eks/multicloud-devsecops-dev-node-group/dacfe5d3-128f-cbef-c7d7-42c62c42a2b6",
            "capacity_type": "ON_DEMAND",
            "cluster_name": "multicloud-devsecops-dev-eks",
            "disk_size": 30,
            "force_update_version": null,
            "id": "multicloud-devsecops-dev-eks:multicloud-devsecops-dev-node-group",
            "instance_types": [
              "t3.medium"
            ],
            "labels": null,
            "launch_template": [],
            "node_group_name": "multicloud-devsecops-dev-node-group",
            "node_group_name_prefix": "",
            "node_repair_config": [],
            "node_role_arn": "arn:aws:iam::649671357648:role/multicloud-devsecops-dev-eks-node-role",
            "region": "us-east-1",
            "release_version": "1.33.13-20260728",
            "remote_access": [],
            "resources": [
              {
                "autoscaling_groups": [
                  {
                    "name": "eks-multicloud-devsecops-dev-node-group-dacfe5d3-128f-cbef-c7d7-42c62c42a2b6"
                  }
                ],
                "remote_access_security_group_id": ""
              }
            ],
            "scaling_config": [
              {
                "desired_size": 2,
                "max_size": 3,
                "min_size": 2
              }
            ],
            "status": "ACTIVE",
            "subnet_ids": [
              "subnet-03599a2b70e29510b",
              "subnet-0e0f8173157add9b0"
            ],
            "tags": null,
            "tags_all": {
              "Environment": "dev",
              "ManagedBy": "Terraform",
              "Project": "multicloud-devsecops"
            },
            "taint": [],
            "timeouts": null,
            "update_config": [
              {
                "max_unavailable": 1,
                "max_unavailable_percentage": 0,
                "update_strategy": ""
              }
            ],
            "version": "1.33",
            "warm_pool_config": []
          },
          "sensitive_attributes": [],
          "private": "eyJlMmJmYjczMC1lY2FhLTExZTYtOGY4OC0zNDM2M2JjN2M0YzAiOnsiY3JlYXRlIjozNjAwMDAwMDAwMDAwLCJkZWxldGUiOjM2MDAwMDAwMDAwMDAsInVwZGF0ZSI6MzYwMDAwMDAwMDAwMH19",
          "dependencies": [
            "aws_eks_cluster.main",
            "aws_iam_role.eks_cluster_role",
            "aws_iam_role.eks_node_role",
            "aws_iam_role_policy_attachment.eks_cluster_policy",
            "aws_iam_role_policy_attachment.eks_cni_policy",
            "aws_iam_role_policy_attachment.eks_container_registry_read_only",
            "aws_iam_role_policy_attachment.eks_worker_node_policy",
            "aws_security_group.eks_sg",
            "aws_subnet.private",
            "aws_vpc.main"
          ]
        }
      ]
    },
    {
      "mode": "managed",
      "type": "aws_iam_instance_profile",
      "name": "jenkins_profile",
      "provider": "provider[\"registry.terraform.io/hashicorp/aws\"]",
      "instances": [
        {
          "schema_version": 0,
          "attributes": {
            "arn": "arn:aws:iam::649671357648:instance-profile/multicloud-devsecops-dev-jenkins-profile",
            "create_date": "2026-08-04T07:10:27Z",
            "id": "multicloud-devsecops-dev-jenkins-profile",
            "name": "multicloud-devsecops-dev-jenkins-profile",
            "name_prefix": "",
            "path": "/",
            "role": "multicloud-devsecops-dev-jenkins-role",
            "tags": null,
            "tags_all": {
              "Environment": "dev",
              "ManagedBy": "Terraform",
              "Project": "multicloud-devsecops"
            },
            "unique_id": "AIPAZOQ3OGTIMGXLWXOOY"
          },
          "sensitive_attributes": [],
          "private": "bnVsbA==",
          "dependencies": [
            "aws_iam_role.jenkins_role"
          ]
        }
      ]
    },
    {
      "mode": "managed",
      "type": "aws_iam_openid_connect_provider",
      "name": "eks",
      "provider": "provider[\"registry.terraform.io/hashicorp/aws\"]",
      "instances": [
        {
          "schema_version": 0,
          "attributes": {
            "arn": "arn:aws:iam::649671357648:oidc-provider/oidc.eks.us-east-1.amazonaws.com/id/173943B07FF6115D96A7D317DE570870",
            "client_id_list": [
              "sts.amazonaws.com"
            ],
            "id": "arn:aws:iam::649671357648:oidc-provider/oidc.eks.us-east-1.amazonaws.com/id/173943B07FF6115D96A7D317DE570870",
            "tags": {
              "Name": "multicloud-devsecops-dev-eks-oidc"
            },
            "tags_all": {
              "Environment": "dev",
              "ManagedBy": "Terraform",
              "Name": "multicloud-devsecops-dev-eks-oidc",
              "Project": "multicloud-devsecops"
            },
            "thumbprint_list": [
              "06b25927c42a721631c1efd9431e648fa62e1e39"
            ],
            "url": "oidc.eks.us-east-1.amazonaws.com/id/173943B07FF6115D96A7D317DE570870"
          },
          "sensitive_attributes": [],
          "private": "bnVsbA==",
          "dependencies": [
            "aws_eks_cluster.main",
            "aws_iam_role.eks_cluster_role",
            "aws_iam_role_policy_attachment.eks_cluster_policy",
            "aws_security_group.eks_sg",
            "aws_subnet.private",
            "aws_vpc.main",
            "data.tls_certificate.eks"
          ]
        }
      ]
    },
    {
      "mode": "managed",
      "type": "aws_iam_policy",
      "name": "aws_load_balancer_controller",
      "provider": "provider[\"registry.terraform.io/hashicorp/aws\"]",
      "instances": [
        {
          "schema_version": 0,
          "attributes": {
            "arn": "arn:aws:iam::649671357648:policy/multicloud-devsecops-dev-AWSLoadBalancerControllerIAMPolicy",
            "attachment_count": 0,
            "delay_after_policy_creation_in_ms": null,
            "description": "IAM policy for AWS Load Balancer Controller",
            "id": "arn:aws:iam::649671357648:policy/multicloud-devsecops-dev-AWSLoadBalancerControllerIAMPolicy",
            "name": "multicloud-devsecops-dev-AWSLoadBalancerControllerIAMPolicy",
            "name_prefix": "",
            "path": "/",
            "policy": "{\"Statement\":[{\"Action\":[\"iam:CreateServiceLinkedRole\"],\"Condition\":{\"StringEquals\":{\"iam:AWSServiceName\":\"elasticloadbalancing.amazonaws.com\"}},\"Effect\":\"Allow\",\"Resource\":\"*\"},{\"Action\":[\"ec2:DescribeAccountAttributes\",\"ec2:DescribeAddresses\",\"ec2:DescribeAvailabilityZones\",\"ec2:DescribeInternetGateways\",\"ec2:DescribeVpcs\",\"ec2:DescribeVpcPeeringConnections\",\"ec2:DescribeSubnets\",\"ec2:DescribeSecurityGroups\",\"ec2:DescribeInstances\",\"ec2:DescribeNetworkInterfaces\",\"ec2:DescribeTags\",\"ec2:GetCoipPoolUsage\",\"ec2:DescribeCoipPools\",\"ec2:GetSecurityGroupsForVpc\",\"ec2:DescribeIpamPools\",\"ec2:DescribeRouteTables\",\"elasticloadbalancing:DescribeLoadBalancers\",\"elasticloadbalancing:DescribeLoadBalancerAttributes\",\"elasticloadbalancing:DescribeListeners\",\"elasticloadbalancing:DescribeListenerCertificates\",\"elasticloadbalancing:DescribeSSLPolicies\",\"elasticloadbalancing:DescribeRules\",\"elasticloadbalancing:DescribeTargetGroups\",\"elasticloadbalancing:DescribeTargetGroupAttributes\",\"elasticloadbalancing:DescribeTargetHealth\",\"elasticloadbalancing:DescribeTags\",\"elasticloadbalancing:DescribeTrustStores\",\"elasticloadbalancing:DescribeListenerAttributes\",\"elasticloadbalancing:DescribeCapacityReservation\"],\"Effect\":\"Allow\",\"Resource\":\"*\"},{\"Action\":[\"cognito-idp:DescribeUserPoolClient\",\"acm:ListCertificates\",\"acm:DescribeCertificate\",\"iam:ListServerCertificates\",\"iam:GetServerCertificate\",\"waf-regional:GetWebACL\",\"waf-regional:GetWebACLForResource\",\"waf-regional:AssociateWebACL\",\"waf-regional:DisassociateWebACL\",\"wafv2:GetWebACL\",\"wafv2:GetWebACLForResource\",\"wafv2:AssociateWebACL\",\"wafv2:DisassociateWebACL\",\"shield:GetSubscriptionState\",\"shield:DescribeProtection\",\"shield:CreateProtection\",\"shield:DeleteProtection\"],\"Effect\":\"Allow\",\"Resource\":\"*\"},{\"Action\":[\"ec2:AuthorizeSecurityGroupIngress\",\"ec2:RevokeSecurityGroupIngress\"],\"Effect\":\"Allow\",\"Resource\":\"*\"},{\"Action\":[\"ec2:CreateSecurityGroup\"],\"Effect\":\"Allow\",\"Resource\":\"*\"},{\"Action\":[\"ec2:CreateTags\"],\"Condition\":{\"Null\":{\"aws:RequestTag/elbv2.k8s.aws/cluster\":\"false\"},\"StringEquals\":{\"ec2:CreateAction\":\"CreateSecurityGroup\"}},\"Effect\":\"Allow\",\"Resource\":\"arn:aws:ec2:*:*:security-group/*\"},{\"Action\":[\"ec2:CreateTags\",\"ec2:DeleteTags\"],\"Condition\":{\"Null\":{\"aws:RequestTag/elbv2.k8s.aws/cluster\":\"true\",\"aws:ResourceTag/elbv2.k8s.aws/cluster\":\"false\"}},\"Effect\":\"Allow\",\"Resource\":\"arn:aws:ec2:*:*:security-group/*\"},{\"Action\":[\"ec2:AuthorizeSecurityGroupIngress\",\"ec2:RevokeSecurityGroupIngress\",\"ec2:DeleteSecurityGroup\"],\"Condition\":{\"Null\":{\"aws:ResourceTag/elbv2.k8s.aws/cluster\":\"false\"}},\"Effect\":\"Allow\",\"Resource\":\"*\"},{\"Action\":[\"elasticloadbalancing:CreateLoadBalancer\",\"elasticloadbalancing:CreateTargetGroup\"],\"Condition\":{\"Null\":{\"aws:RequestTag/elbv2.k8s.aws/cluster\":\"false\"}},\"Effect\":\"Allow\",\"Resource\":\"*\"},{\"Action\":[\"elasticloadbalancing:CreateListener\",\"elasticloadbalancing:DeleteListener\",\"elasticloadbalancing:CreateRule\",\"elasticloadbalancing:DeleteRule\"],\"Effect\":\"Allow\",\"Resource\":\"*\"},{\"Action\":[\"elasticloadbalancing:AddTags\",\"elasticloadbalancing:RemoveTags\"],\"Condition\":{\"Null\":{\"aws:RequestTag/elbv2.k8s.aws/cluster\":\"true\",\"aws:ResourceTag/elbv2.k8s.aws/cluster\":\"false\"}},\"Effect\":\"Allow\",\"Resource\":[\"arn:aws:elasticloadbalancing:*:*:targetgroup/*/*\",\"arn:aws:elasticloadbalancing:*:*:loadbalancer/net/*/*\",\"arn:aws:elasticloadbalancing:*:*:loadbalancer/app/*/*\"]},{\"Action\":[\"elasticloadbalancing:AddTags\",\"elasticloadbalancing:RemoveTags\"],\"Effect\":\"Allow\",\"Resource\":[\"arn:aws:elasticloadbalancing:*:*:listener/net/*/*/*\",\"arn:aws:elasticloadbalancing:*:*:listener/app/*/*/*\",\"arn:aws:elasticloadbalancing:*:*:listener-rule/net/*/*/*\",\"arn:aws:elasticloadbalancing:*:*:listener-rule/app/*/*/*\"]},{\"Action\":[\"elasticloadbalancing:ModifyLoadBalancerAttributes\",\"elasticloadbalancing:SetIpAddressType\",\"elasticloadbalancing:SetSecurityGroups\",\"elasticloadbalancing:SetSubnets\",\"elasticloadbalancing:DeleteLoadBalancer\",\"elasticloadbalancing:ModifyTargetGroup\",\"elasticloadbalancing:ModifyTargetGroupAttributes\",\"elasticloadbalancing:DeleteTargetGroup\",\"elasticloadbalancing:ModifyListenerAttributes\",\"elasticloadbalancing:ModifyCapacityReservation\",\"elasticloadbalancing:ModifyIpPools\"],\"Condition\":{\"Null\":{\"aws:ResourceTag/elbv2.k8s.aws/cluster\":\"false\"}},\"Effect\":\"Allow\",\"Resource\":\"*\"},{\"Action\":[\"elasticloadbalancing:AddTags\"],\"Condition\":{\"Null\":{\"aws:RequestTag/elbv2.k8s.aws/cluster\":\"false\"},\"StringEquals\":{\"elasticloadbalancing:CreateAction\":[\"CreateTargetGroup\",\"CreateLoadBalancer\"]}},\"Effect\":\"Allow\",\"Resource\":[\"arn:aws:elasticloadbalancing:*:*:targetgroup/*/*\",\"arn:aws:elasticloadbalancing:*:*:loadbalancer/net/*/*\",\"arn:aws:elasticloadbalancing:*:*:loadbalancer/app/*/*\"]},{\"Action\":[\"elasticloadbalancing:RegisterTargets\",\"elasticloadbalancing:DeregisterTargets\"],\"Effect\":\"Allow\",\"Resource\":\"arn:aws:elasticloadbalancing:*:*:targetgroup/*/*\"},{\"Action\":[\"elasticloadbalancing:SetWebAcl\",\"elasticloadbalancing:ModifyListener\",\"elasticloadbalancing:AddListenerCertificates\",\"elasticloadbalancing:RemoveListenerCertificates\",\"elasticloadbalancing:ModifyRule\",\"elasticloadbalancing:SetRulePriorities\"],\"Effect\":\"Allow\",\"Resource\":\"*\"}],\"Version\":\"2012-10-17\"}",
            "policy_id": "ANPAZOQ3OGTIGCAADXIEN",
            "tags": {
              "Name": "multicloud-devsecops-dev-aws-load-balancer-controller-policy"
            },
            "tags_all": {
              "Environment": "dev",
              "ManagedBy": "Terraform",
              "Name": "multicloud-devsecops-dev-aws-load-balancer-controller-policy",
              "Project": "multicloud-devsecops"
            }
          },
          "sensitive_attributes": [],
          "private": "bnVsbA=="
        }
      ]
    },
    {
      "mode": "managed",
      "type": "aws_iam_policy",
      "name": "jenkins_eks",
      "provider": "provider[\"registry.terraform.io/hashicorp/aws\"]",
      "instances": [
        {
          "schema_version": 0,
          "attributes": {
            "arn": "arn:aws:iam::649671357648:policy/multicloud-devsecops-dev-jenkins-eks-policy",
            "attachment_count": 0,
            "delay_after_policy_creation_in_ms": null,
            "description": "",
            "id": "arn:aws:iam::649671357648:policy/multicloud-devsecops-dev-jenkins-eks-policy",
            "name": "multicloud-devsecops-dev-jenkins-eks-policy",
            "name_prefix": "",
            "path": "/",
            "policy": "{\"Statement\":[{\"Action\":[\"eks:DescribeCluster\"],\"Effect\":\"Allow\",\"Resource\":\"arn:aws:eks:us-east-1:649671357648:cluster/multicloud-devsecops-dev-eks\"}],\"Version\":\"2012-10-17\"}",
            "policy_id": "ANPAZOQ3OGTIKZF7VC7XU",
            "tags": null,
            "tags_all": {
              "Environment": "dev",
              "ManagedBy": "Terraform",
              "Project": "multicloud-devsecops"
            }
          },
          "sensitive_attributes": [],
          "private": "bnVsbA==",
          "dependencies": [
            "aws_eks_cluster.main",
            "aws_iam_role.eks_cluster_role",
            "aws_iam_role_policy_attachment.eks_cluster_policy",
            "aws_security_group.eks_sg",
            "aws_subnet.private",
            "aws_vpc.main"
          ]
        }
      ]
    },
    {
      "mode": "managed",
      "type": "aws_iam_role",
      "name": "aws_load_balancer_controller",
      "provider": "provider[\"registry.terraform.io/hashicorp/aws\"]",
      "instances": [
        {
          "schema_version": 0,
          "attributes": {
            "arn": "arn:aws:iam::649671357648:role/multicloud-devsecops-dev-aws-load-balancer-controller-role",
            "assume_role_policy": "{\"Statement\":[{\"Action\":\"sts:AssumeRoleWithWebIdentity\",\"Condition\":{\"StringEquals\":{\"oidc.eks.us-east-1.amazonaws.com/id/173943B07FF6115D96A7D317DE570870:aud\":\"sts.amazonaws.com\",\"oidc.eks.us-east-1.amazonaws.com/id/173943B07FF6115D96A7D317DE570870:sub\":\"system:serviceaccount:kube-system:aws-load-balancer-controller\"}},\"Effect\":\"Allow\",\"Principal\":{\"Federated\":\"arn:aws:iam::649671357648:oidc-provider/oidc.eks.us-east-1.amazonaws.com/id/173943B07FF6115D96A7D317DE570870\"}}],\"Version\":\"2012-10-17\"}",
            "create_date": "2026-08-04T07:21:45Z",
            "description": "",
            "force_detach_policies": false,
            "id": "multicloud-devsecops-dev-aws-load-balancer-controller-role",
            "inline_policy": [],
            "managed_policy_arns": [],
            "max_session_duration": 3600,
            "name": "multicloud-devsecops-dev-aws-load-balancer-controller-role",
            "name_prefix": "",
            "path": "/",
            "permissions_boundary": "",
            "tags": {
              "Name": "multicloud-devsecops-dev-aws-load-balancer-controller-role"
            },
            "tags_all": {
              "Environment": "dev",
              "ManagedBy": "Terraform",
              "Name": "multicloud-devsecops-dev-aws-load-balancer-controller-role",
              "Project": "multicloud-devsecops"
            },
            "unique_id": "AROAZOQ3OGTILHBZYLOCC"
          },
          "sensitive_attributes": [],
          "private": "bnVsbA==",
          "dependencies": [
            "aws_eks_cluster.main",
            "aws_iam_openid_connect_provider.eks",
            "aws_iam_role.eks_cluster_role",
            "aws_iam_role_policy_attachment.eks_cluster_policy",
            "aws_security_group.eks_sg",
            "aws_subnet.private",
            "aws_vpc.main",
            "data.tls_certificate.eks"
          ]
        }
      ]
    },
    {
      "mode": "managed",
      "type": "aws_iam_role",
      "name": "ebs_csi_driver",
      "provider": "provider[\"registry.terraform.io/hashicorp/aws\"]",
      "instances": [
        {
          "schema_version": 0,
          "attributes": {
            "arn": "arn:aws:iam::649671357648:role/multicloud-devsecops-dev-ebs-csi-driver-role",
            "assume_role_policy": "{\"Statement\":[{\"Action\":\"sts:AssumeRoleWithWebIdentity\",\"Condition\":{\"StringEquals\":{\"oidc.eks.us-east-1.amazonaws.com/id/173943B07FF6115D96A7D317DE570870:aud\":\"sts.amazonaws.com\",\"oidc.eks.us-east-1.amazonaws.com/id/173943B07FF6115D96A7D317DE570870:sub\":\"system:serviceaccount:kube-system:ebs-csi-controller-sa\"}},\"Effect\":\"Allow\",\"Principal\":{\"Federated\":\"arn:aws:iam::649671357648:oidc-provider/oidc.eks.us-east-1.amazonaws.com/id/173943B07FF6115D96A7D317DE570870\"}}],\"Version\":\"2012-10-17\"}",
            "create_date": "2026-08-04T07:21:46Z",
            "description": "",
            "force_detach_policies": false,
            "id": "multicloud-devsecops-dev-ebs-csi-driver-role",
            "inline_policy": [],
            "managed_policy_arns": [],
            "max_session_duration": 3600,
            "name": "multicloud-devsecops-dev-ebs-csi-driver-role",
            "name_prefix": "",
            "path": "/",
            "permissions_boundary": "",
            "tags": {
              "Environment": "dev",
              "ManagedBy": "Terraform",
              "Project": "multicloud-devsecops"
            },
            "tags_all": {
              "Environment": "dev",
              "ManagedBy": "Terraform",
              "Project": "multicloud-devsecops"
            },
            "unique_id": "AROAZOQ3OGTIG2JQSUJEB"
          },
          "sensitive_attributes": [],
          "private": "bnVsbA==",
          "dependencies": [
            "aws_eks_cluster.main",
            "aws_iam_openid_connect_provider.eks",
            "aws_iam_role.eks_cluster_role",
            "aws_iam_role_policy_attachment.eks_cluster_policy",
            "aws_security_group.eks_sg",
            "aws_subnet.private",
            "aws_vpc.main",
            "data.aws_iam_policy_document.ebs_csi_assume_role",
            "data.tls_certificate.eks"
          ]
        }
      ]
    },
    {
      "mode": "managed",
      "type": "aws_iam_role",
      "name": "eks_cluster_role",
      "provider": "provider[\"registry.terraform.io/hashicorp/aws\"]",
      "instances": [
        {
          "schema_version": 0,
          "attributes": {
            "arn": "arn:aws:iam::649671357648:role/multicloud-devsecops-dev-eks-cluster-role",
            "assume_role_policy": "{\"Statement\":[{\"Action\":\"sts:AssumeRole\",\"Effect\":\"Allow\",\"Principal\":{\"Service\":\"eks.amazonaws.com\"}}],\"Version\":\"2012-10-17\"}",
            "create_date": "2026-08-04T07:10:25Z",
            "description": "",
            "force_detach_policies": false,
            "id": "multicloud-devsecops-dev-eks-cluster-role",
            "inline_policy": [],
            "managed_policy_arns": [],
            "max_session_duration": 3600,
            "name": "multicloud-devsecops-dev-eks-cluster-role",
            "name_prefix": "",
            "path": "/",
            "permissions_boundary": "",
            "tags": {
              "Name": "multicloud-devsecops-dev-eks-cluster-role"
            },
            "tags_all": {
              "Environment": "dev",
              "ManagedBy": "Terraform",
              "Name": "multicloud-devsecops-dev-eks-cluster-role",
              "Project": "multicloud-devsecops"
            },
            "unique_id": "AROAZOQ3OGTIGCGAG2B7N"
          },
          "sensitive_attributes": [],
          "private": "bnVsbA=="
        }
      ]
    },
    {
      "mode": "managed",
      "type": "aws_iam_role",
      "name": "eks_node_role",
      "provider": "provider[\"registry.terraform.io/hashicorp/aws\"]",
      "instances": [
        {
          "schema_version": 0,
          "attributes": {
            "arn": "arn:aws:iam::649671357648:role/multicloud-devsecops-dev-eks-node-role",
            "assume_role_policy": "{\"Statement\":[{\"Action\":\"sts:AssumeRole\",\"Effect\":\"Allow\",\"Principal\":{\"Service\":\"ec2.amazonaws.com\"}}],\"Version\":\"2012-10-17\"}",
            "create_date": "2026-08-04T07:10:25Z",
            "description": "",
            "force_detach_policies": false,
            "id": "multicloud-devsecops-dev-eks-node-role",
            "inline_policy": [],
            "managed_policy_arns": [],
            "max_session_duration": 3600,
            "name": "multicloud-devsecops-dev-eks-node-role",
            "name_prefix": "",
            "path": "/",
            "permissions_boundary": "",
            "tags": {
              "Name": "multicloud-devsecops-dev-eks-node-role"
            },
            "tags_all": {
              "Environment": "dev",
              "ManagedBy": "Terraform",
              "Name": "multicloud-devsecops-dev-eks-node-role",
              "Project": "multicloud-devsecops"
            },
            "unique_id": "AROAZOQ3OGTIFE36Z6CRI"
          },
          "sensitive_attributes": [],
          "private": "bnVsbA=="
        }
      ]
    },
    {
      "mode": "managed",
      "type": "aws_iam_role",
      "name": "jenkins_role",
      "provider": "provider[\"registry.terraform.io/hashicorp/aws\"]",
      "instances": [
        {
          "schema_version": 0,
          "attributes": {
            "arn": "arn:aws:iam::649671357648:role/multicloud-devsecops-dev-jenkins-role",
            "assume_role_policy": "{\"Statement\":[{\"Action\":\"sts:AssumeRole\",\"Effect\":\"Allow\",\"Principal\":{\"Service\":\"ec2.amazonaws.com\"}}],\"Version\":\"2012-10-17\"}",
            "create_date": "2026-08-04T07:10:25Z",
            "description": "",
            "force_detach_policies": false,
            "id": "multicloud-devsecops-dev-jenkins-role",
            "inline_policy": [],
            "managed_policy_arns": [],
            "max_session_duration": 3600,
            "name": "multicloud-devsecops-dev-jenkins-role",
            "name_prefix": "",
            "path": "/",
            "permissions_boundary": "",
            "tags": {
              "Name": "multicloud-devsecops-dev-jenkins-role"
            },
            "tags_all": {
              "Environment": "dev",
              "ManagedBy": "Terraform",
              "Name": "multicloud-devsecops-dev-jenkins-role",
              "Project": "multicloud-devsecops"
            },
            "unique_id": "AROAZOQ3OGTINOOFWRSP6"
          },
          "sensitive_attributes": [],
          "private": "bnVsbA=="
        }
      ]
    },
    {
      "mode": "managed",
      "type": "aws_iam_role_policy_attachment",
      "name": "aws_load_balancer_controller",
      "provider": "provider[\"registry.terraform.io/hashicorp/aws\"]",
      "instances": [
        {
          "schema_version": 0,
          "attributes": {
            "id": "multicloud-devsecops-dev-aws-load-balancer-controller-role/arn:aws:iam::649671357648:policy/multicloud-devsecops-dev-AWSLoadBalancerControllerIAMPolicy",
            "policy_arn": "arn:aws:iam::649671357648:policy/multicloud-devsecops-dev-AWSLoadBalancerControllerIAMPolicy",
            "role": "multicloud-devsecops-dev-aws-load-balancer-controller-role"
          },
          "sensitive_attributes": [],
          "private": "bnVsbA==",
          "dependencies": [
            "aws_eks_cluster.main",
            "aws_iam_openid_connect_provider.eks",
            "aws_iam_policy.aws_load_balancer_controller",
            "aws_iam_role.aws_load_balancer_controller",
            "aws_iam_role.eks_cluster_role",
            "aws_iam_role_policy_attachment.eks_cluster_policy",
            "aws_security_group.eks_sg",
            "aws_subnet.private",
            "aws_vpc.main",
            "data.tls_certificate.eks"
          ]
        }
      ]
    },
    {
      "mode": "managed",
      "type": "aws_iam_role_policy_attachment",
      "name": "ebs_csi_driver",
      "provider": "provider[\"registry.terraform.io/hashicorp/aws\"]",
      "instances": [
        {
          "schema_version": 0,
          "attributes": {
            "id": "multicloud-devsecops-dev-ebs-csi-driver-role/arn:aws:iam::aws:policy/service-role/AmazonEBSCSIDriverPolicy",
            "policy_arn": "arn:aws:iam::aws:policy/service-role/AmazonEBSCSIDriverPolicy",
            "role": "multicloud-devsecops-dev-ebs-csi-driver-role"
          },
          "sensitive_attributes": [],
          "private": "bnVsbA==",
          "dependencies": [
            "aws_eks_cluster.main",
            "aws_iam_openid_connect_provider.eks",
            "aws_iam_role.ebs_csi_driver",
            "aws_iam_role.eks_cluster_role",
            "aws_iam_role_policy_attachment.eks_cluster_policy",
            "aws_security_group.eks_sg",
            "aws_subnet.private",
            "aws_vpc.main",
            "data.aws_iam_policy_document.ebs_csi_assume_role",
            "data.tls_certificate.eks"
          ]
        }
      ]
    },
    {
      "mode": "managed",
      "type": "aws_iam_role_policy_attachment",
      "name": "eks_cluster_policy",
      "provider": "provider[\"registry.terraform.io/hashicorp/aws\"]",
      "instances": [
        {
          "schema_version": 0,
          "attributes": {
            "id": "multicloud-devsecops-dev-eks-cluster-role/arn:aws:iam::aws:policy/AmazonEKSClusterPolicy",
            "policy_arn": "arn:aws:iam::aws:policy/AmazonEKSClusterPolicy",
            "role": "multicloud-devsecops-dev-eks-cluster-role"
          },
          "sensitive_attributes": [],
          "private": "bnVsbA==",
          "dependencies": [
            "aws_iam_role.eks_cluster_role"
          ]
        }
      ]
    },
    {
      "mode": "managed",
      "type": "aws_iam_role_policy_attachment",
      "name": "eks_cni_policy",
      "provider": "provider[\"registry.terraform.io/hashicorp/aws\"]",
      "instances": [
        {
          "schema_version": 0,
          "attributes": {
            "id": "multicloud-devsecops-dev-eks-node-role/arn:aws:iam::aws:policy/AmazonEKS_CNI_Policy",
            "policy_arn": "arn:aws:iam::aws:policy/AmazonEKS_CNI_Policy",
            "role": "multicloud-devsecops-dev-eks-node-role"
          },
          "sensitive_attributes": [],
          "private": "bnVsbA==",
          "dependencies": [
            "aws_iam_role.eks_node_role"
          ]
        }
      ]
    },
    {
      "mode": "managed",
      "type": "aws_iam_role_policy_attachment",
      "name": "eks_container_registry_read_only",
      "provider": "provider[\"registry.terraform.io/hashicorp/aws\"]",
      "instances": [
        {
          "schema_version": 0,
          "attributes": {
            "id": "multicloud-devsecops-dev-eks-node-role/arn:aws:iam::aws:policy/AmazonEC2ContainerRegistryReadOnly",
            "policy_arn": "arn:aws:iam::aws:policy/AmazonEC2ContainerRegistryReadOnly",
            "role": "multicloud-devsecops-dev-eks-node-role"
          },
          "sensitive_attributes": [],
          "private": "bnVsbA==",
          "dependencies": [
            "aws_iam_role.eks_node_role"
          ]
        }
      ]
    },
    {
      "mode": "managed",
      "type": "aws_iam_role_policy_attachment",
      "name": "eks_ecr_readonly",
      "provider": "provider[\"registry.terraform.io/hashicorp/aws\"]",
      "instances": [
        {
          "schema_version": 0,
          "attributes": {
            "id": "multicloud-devsecops-dev-eks-node-role/arn:aws:iam::aws:policy/AmazonEC2ContainerRegistryReadOnly",
            "policy_arn": "arn:aws:iam::aws:policy/AmazonEC2ContainerRegistryReadOnly",
            "role": "multicloud-devsecops-dev-eks-node-role"
          },
          "sensitive_attributes": [],
          "private": "bnVsbA==",
          "dependencies": [
            "aws_iam_role.eks_node_role"
          ]
        }
      ]
    },
    {
      "mode": "managed",
      "type": "aws_iam_role_policy_attachment",
      "name": "eks_worker_node_policy",
      "provider": "provider[\"registry.terraform.io/hashicorp/aws\"]",
      "instances": [
        {
          "schema_version": 0,
          "attributes": {
            "id": "multicloud-devsecops-dev-eks-node-role/arn:aws:iam::aws:policy/AmazonEKSWorkerNodePolicy",
            "policy_arn": "arn:aws:iam::aws:policy/AmazonEKSWorkerNodePolicy",
            "role": "multicloud-devsecops-dev-eks-node-role"
          },
          "sensitive_attributes": [],
          "private": "bnVsbA==",
          "dependencies": [
            "aws_iam_role.eks_node_role"
          ]
        }
      ]
    },
    {
      "mode": "managed",
      "type": "aws_iam_role_policy_attachment",
      "name": "jenkins_cloudwatch",
      "provider": "provider[\"registry.terraform.io/hashicorp/aws\"]",
      "instances": [
        {
          "schema_version": 0,
          "attributes": {
            "id": "multicloud-devsecops-dev-jenkins-role/arn:aws:iam::aws:policy/CloudWatchAgentServerPolicy",
            "policy_arn": "arn:aws:iam::aws:policy/CloudWatchAgentServerPolicy",
            "role": "multicloud-devsecops-dev-jenkins-role"
          },
          "sensitive_attributes": [],
          "private": "bnVsbA==",
          "dependencies": [
            "aws_iam_role.jenkins_role"
          ]
        }
      ]
    },
    {
      "mode": "managed",
      "type": "aws_iam_role_policy_attachment",
      "name": "jenkins_ecr",
      "provider": "provider[\"registry.terraform.io/hashicorp/aws\"]",
      "instances": [
        {
          "schema_version": 0,
          "attributes": {
            "id": "multicloud-devsecops-dev-jenkins-role/arn:aws:iam::aws:policy/AmazonEC2ContainerRegistryPowerUser",
            "policy_arn": "arn:aws:iam::aws:policy/AmazonEC2ContainerRegistryPowerUser",
            "role": "multicloud-devsecops-dev-jenkins-role"
          },
          "sensitive_attributes": [],
          "private": "bnVsbA==",
          "dependencies": [
            "aws_iam_role.jenkins_role"
          ]
        }
      ]
    },
    {
      "mode": "managed",
      "type": "aws_iam_role_policy_attachment",
      "name": "jenkins_eks",
      "provider": "provider[\"registry.terraform.io/hashicorp/aws\"]",
      "instances": [
        {
          "schema_version": 0,
          "attributes": {
            "id": "multicloud-devsecops-dev-jenkins-role/arn:aws:iam::649671357648:policy/multicloud-devsecops-dev-jenkins-eks-policy",
            "policy_arn": "arn:aws:iam::649671357648:policy/multicloud-devsecops-dev-jenkins-eks-policy",
            "role": "multicloud-devsecops-dev-jenkins-role"
          },
          "sensitive_attributes": [],
          "private": "bnVsbA==",
          "dependencies": [
            "aws_eks_cluster.main",
            "aws_iam_policy.jenkins_eks",
            "aws_iam_role.eks_cluster_role",
            "aws_iam_role.jenkins_role",
            "aws_iam_role_policy_attachment.eks_cluster_policy",
            "aws_security_group.eks_sg",
            "aws_subnet.private",
            "aws_vpc.main"
          ]
        }
      ]
    },
    {
      "mode": "managed",
      "type": "aws_iam_role_policy_attachment",
      "name": "jenkins_s3",
      "provider": "provider[\"registry.terraform.io/hashicorp/aws\"]",
      "instances": [
        {
          "schema_version": 0,
          "attributes": {
            "id": "multicloud-devsecops-dev-jenkins-role/arn:aws:iam::aws:policy/AmazonS3FullAccess",
            "policy_arn": "arn:aws:iam::aws:policy/AmazonS3FullAccess",
            "role": "multicloud-devsecops-dev-jenkins-role"
          },
          "sensitive_attributes": [],
          "private": "bnVsbA==",
          "dependencies": [
            "aws_iam_role.jenkins_role"
          ]
        }
      ]
    },
    {
      "mode": "managed",
      "type": "aws_iam_role_policy_attachment",
      "name": "jenkins_ssm",
      "provider": "provider[\"registry.terraform.io/hashicorp/aws\"]",
      "instances": [
        {
          "schema_version": 0,
          "attributes": {
            "id": "multicloud-devsecops-dev-jenkins-role/arn:aws:iam::aws:policy/AmazonSSMManagedInstanceCore",
            "policy_arn": "arn:aws:iam::aws:policy/AmazonSSMManagedInstanceCore",
            "role": "multicloud-devsecops-dev-jenkins-role"
          },
          "sensitive_attributes": [],
          "private": "bnVsbA==",
          "dependencies": [
            "aws_iam_role.jenkins_role"
          ]
        }
      ]
    },
    {
      "mode": "managed",
      "type": "aws_internet_gateway",
      "name": "main",
      "provider": "provider[\"registry.terraform.io/hashicorp/aws\"]",
      "instances": [
        {
          "schema_version": 0,
          "attributes": {
            "arn": "arn:aws:ec2:us-east-1:649671357648:internet-gateway/igw-084628570f49c7753",
            "id": "igw-084628570f49c7753",
            "owner_id": "649671357648",
            "region": "us-east-1",
            "tags": {
              "Name": "multicloud-devsecops-dev-igw"
            },
            "tags_all": {
              "Environment": "dev",
              "ManagedBy": "Terraform",
              "Name": "multicloud-devsecops-dev-igw",
              "Project": "multicloud-devsecops"
            },
            "timeouts": null,
            "vpc_id": "vpc-0640ef6e789c53382"
          },
          "sensitive_attributes": [],
          "private": "eyJlMmJmYjczMC1lY2FhLTExZTYtOGY4OC0zNDM2M2JjN2M0YzAiOnsiY3JlYXRlIjoxMjAwMDAwMDAwMDAwLCJkZWxldGUiOjEyMDAwMDAwMDAwMDAsInVwZGF0ZSI6MTIwMDAwMDAwMDAwMH19",
          "dependencies": [
            "aws_vpc.main"
          ]
        }
      ]
    },
    {
      "mode": "managed",
      "type": "aws_key_pair",
      "name": "main",
      "provider": "provider[\"registry.terraform.io/hashicorp/aws\"]",
      "instances": [
        {
          "schema_version": 1,
          "attributes": {
            "arn": "arn:aws:ec2:us-east-1:649671357648:key-pair/multicloud-devsecops-dev-key",
            "fingerprint": "57:95:1f:c5:e8:3c:50:0d:e3:70:65:c4:9b:63:73:5a",
            "id": "multicloud-devsecops-dev-key",
            "key_name": "multicloud-devsecops-dev-key",
            "key_name_prefix": "",
            "key_pair_id": "key-0b5f65d30701b1918",
            "key_type": "rsa",
            "public_key": "ssh-rsa AAAAB3NzaC1yc2EAAAADAQABAAACAQC7b1RFUkaVDIPU7QvLfJilJmJL4v0kllDi1vvO8ZFYUiukpNGmMg8sW54WPM573HoO5+Z1is91zFsoMW4tsjmziDSJsvDMYZeFq+IRW/kzTPLUoeJWx93mDWYtBsEtvBLszsq1GfeI5mnuxfUOPFG1++BL6tAGIckP0NAsowKaqV9IK1PQKMoOqN+oAdYc3YS0Zn2Mm2jXd3ByPRV1kZhgpUkloEhRHPxW702NzZYwh81U7KeWz7Tn0OqpEVMw3+fgd4+2v+zNFC4p7WDIkZoywQMlhwAmY0wWRJofpYOa349jU1yZt31GIRETOwiB5RzMuRWoc8dS3TPA9tYwr1szNHvWFbOD6IVVcDXgZpQ0LJcQv2tjcZ8WoyL2rSSCmrXllwyCOS2R5gVwFNgq/wze5jGttdIoJlxgAGHpCW/xHsvk+ijugrkKFw1q9gAsLjvxqWzWekPKqO3o8qbhoZ5J7RG+VbdutbJ/UZ7Q8dxbpXy4hxHyZKqknRA+bfhfENXLBu+O6hPcac3UaHayudB52DsOBzekWUGDHPjXvr0ZpUx+ezw/f6/V/DeSUImdcvuM1GXRG8MsC3kG+HXwRtmqP1T+Em868G0VgQG8aUFkMk46d4lnkcT44c3Htbk62SRRLAUC0u6Y/0PdVdnH0BXcuvutLDuzh29mzUbw+qlsZw== ashu041199@gmail.com",
            "region": "us-east-1",
            "tags": {
              "Name": "multicloud-devsecops-dev-key"
            },
            "tags_all": {
              "Environment": "dev",
              "ManagedBy": "Terraform",
              "Name": "multicloud-devsecops-dev-key",
              "Project": "multicloud-devsecops"
            }
          },
          "sensitive_attributes": [],
          "private": "eyJzY2hlbWFfdmVyc2lvbiI6IjEifQ=="
        }
      ]
    },
    {
      "mode": "managed",
      "type": "aws_launch_template",
      "name": "jenkins",
      "provider": "provider[\"registry.terraform.io/hashicorp/aws\"]",
      "instances": [
        {
          "schema_version": 1,
          "attributes": {
            "arn": "arn:aws:ec2:us-east-1:649671357648:launch-template/lt-0a1dcf699a2b75790",
            "block_device_mappings": [
              {
                "device_name": "/dev/sda1",
                "ebs": [
                  {
                    "delete_on_termination": "true",
                    "encrypted": "true",
                    "iops": 0,
                    "kms_key_id": "",
                    "snapshot_id": "",
                    "throughput": 0,
                    "volume_initialization_rate": 0,
                    "volume_size": 30,
                    "volume_type": "gp3"
                  }
                ],
                "no_device": "",
                "virtual_name": ""
              }
            ],
            "capacity_reservation_specification": [],
            "cpu_options": [],
            "credit_specification": [],
            "default_version": 1,
            "description": "",
            "disable_api_stop": false,
            "disable_api_termination": false,
            "ebs_optimized": "",
            "enclave_options": [],
            "hibernation_options": [],
            "iam_instance_profile": [
              {
                "arn": "",
                "name": "multicloud-devsecops-dev-jenkins-profile"
              }
            ],
            "id": "lt-0a1dcf699a2b75790",
            "image_id": "ami-0b6d9d3d33ba97d99",
            "instance_initiated_shutdown_behavior": "",
            "instance_market_options": [],
            "instance_requirements": [],
            "instance_type": "t3.medium",
            "kernel_id": "",
            "key_name": "multicloud-devsecops-dev-key",
            "latest_version": 1,
            "license_specification": [],
            "maintenance_options": [],
            "metadata_options": [],
            "monitoring": [
              {
                "enabled": true
              }
            ],
            "name": "multicloud-devsecops-dev-jenkins-lt",
            "name_prefix": "",
            "network_interfaces": [],
            "network_performance_options": [],
            "placement": [],
            "private_dns_name_options": [],
            "ram_disk_id": "",
            "region": "us-east-1",
            "secondary_interfaces": [],
            "security_group_names": null,
            "tag_specifications": [
              {
                "resource_type": "instance",
                "tags": {
                  "Name": "multicloud-devsecops-dev-jenkins",
                  "Role": "Jenkins"
                }
              }
            ],
            "tags": null,
            "tags_all": {
              "Environment": "dev",
              "ManagedBy": "Terraform",
              "Project": "multicloud-devsecops"
            },
            "update_default_version": null,
            "user_data": "IyEvYmluL2Jhc2gNCg0KIyA9PT09PT09PT09PT09PT09PT09PT09PT09PT09PT09PT09PT09PT09PT09PT09PT09PT09PT09PT09PT0NCiMgSmVua2lucyBFQzIgVXNlciBEYXRhDQojIEluc3RhbGxzOg0KIyBKYXZhIDIxDQojIEdpdA0KIyBEb2NrZXINCiMgQVdTIENMSSB2Mg0KIyBKZW5raW5zDQojIGt1YmVjdGwNCiMgSGVsbQ0KIyBUcml2eQ0KIyA9PT09PT09PT09PT09PT09PT09PT09PT09PT09PT09PT09PT09PT09PT09PT09PT09PT09PT09PT09PT0NCg0Kc2V0IC1lDQoNCiMgU2VuZCBhbGwgb3V0cHV0IHRvIGNsb3VkLWluaXQgbG9ncw0KZXhlYyA+ID4odGVlIC92YXIvbG9nL3VzZXItZGF0YS5sb2cgfCBsb2dnZXIgLXQgdXNlci1kYXRhIC1zIDI+L2Rldi9jb25zb2xlKSAyPiYxDQoNCiMgTm9uLWludGVyYWN0aXZlIHBhY2thZ2UgaW5zdGFsbGF0aW9uDQpleHBvcnQgREVCSUFOX0ZST05URU5EPW5vbmludGVyYWN0aXZlDQoNCmVjaG8gIj09PT09PT09PT09PT09PT09PT09PT09PT09PT09PT09PT09PT09PT09PT09PT09PT09PT09PT09PT09PSINCmVjaG8gIlN0YXJ0aW5nIEplbmtpbnMgRUMyIEJvb3RzdHJhcCINCmVjaG8gIj09PT09PT09PT09PT09PT09PT09PT09PT09PT09PT09PT09PT09PT09PT09PT09PT09PT09PT09PT09PSINCg0KDQojID09PT09PT09PT09PT09PT09PT09PT09PT09PT09PT09PT09PT09PT09PT09PT09PT09PT09PT09PT09PQ0KIyAxLiBTeXN0ZW0gVXBkYXRlICYgQmFzZSBQYWNrYWdlcw0KIyA9PT09PT09PT09PT09PT09PT09PT09PT09PT09PT09PT09PT09PT09PT09PT09PT09PT09PT09PT09PT0NCg0KZWNobyAiSW5zdGFsbGluZyBiYXNlIHBhY2thZ2VzLi4uIg0KDQphcHQtZ2V0IHVwZGF0ZSAteQ0KDQphcHQtZ2V0IGluc3RhbGwgLXkgXA0KICAgIGZvbnRjb25maWcgXA0KICAgIG9wZW5qZGstMjEtamRrIFwNCiAgICBnaXQgXA0KICAgIG1hdmVuIFwNCiAgICBjYS1jZXJ0aWZpY2F0ZXMgXA0KICAgIGN1cmwgXA0KICAgIHVuemlwIFwNCiAgICB3Z2V0IFwNCiAgICBnbnVwZyBcDQogICAgc29mdHdhcmUtcHJvcGVydGllcy1jb21tb24gXA0KICAgIGFwdC10cmFuc3BvcnQtaHR0cHMgXA0KICAgIGxzYi1yZWxlYXNlDQoNCmVjaG8gIkJhc2UgcGFja2FnZXMgaW5zdGFsbGVkIHN1Y2Nlc3NmdWxseS4iDQoNCg0KIyA9PT09PT09PT09PT09PT09PT09PT09PT09PT09PT09PT09PT09PT09PT09PT09PT09PT09PT09PT09PT0NCiMgMi4gVmVyaWZ5IEphdmENCiMgPT09PT09PT09PT09PT09PT09PT09PT09PT09PT09PT09PT09PT09PT09PT09PT09PT09PT09PT09PT09DQoNCmVjaG8gIkNoZWNraW5nIEphdmEuLi4iDQoNCmphdmEgLXZlcnNpb24NCg0KbXZuIC0tdmVyc2lvbg0KDQojID09PT09PT09PT09PT09PT09PT09PT09PT09PT09PT09PT09PT09PT09PT09PT09PT09PT09PT09PT09PQ0KIyAzLiBJbnN0YWxsIERvY2tlcg0KIyA9PT09PT09PT09PT09PT09PT09PT09PT09PT09PT09PT09PT09PT09PT09PT09PT09PT09PT09PT09PT0NCg0KZWNobyAiSW5zdGFsbGluZyBEb2NrZXIuLi4iDQoNCiMgQ3JlYXRlIERvY2tlciBrZXlyaW5nIGRpcmVjdG9yeQ0KaW5zdGFsbCAtbSAwNzU1IC1kIC9ldGMvYXB0L2tleXJpbmdzDQoNCiMgRG93bmxvYWQgRG9ja2VyIEdQRyBrZXkNCmN1cmwgLWZzU0wgXA0KICAgIGh0dHBzOi8vZG93bmxvYWQuZG9ja2VyLmNvbS9saW51eC91YnVudHUvZ3BnIFwNCiAgICAtbyAvZXRjL2FwdC9rZXlyaW5ncy9kb2NrZXIuYXNjDQoNCmNobW9kIGErciAvZXRjL2FwdC9rZXlyaW5ncy9kb2NrZXIuYXNjDQoNCiMgQWRkIERvY2tlciByZXBvc2l0b3J5DQp0ZWUgL2V0Yy9hcHQvc291cmNlcy5saXN0LmQvZG9ja2VyLnNvdXJjZXMgPiAvZGV2L251bGwgPDxFT0YNClR5cGVzOiBkZWINClVSSXM6IGh0dHBzOi8vZG93bmxvYWQuZG9ja2VyLmNvbS9saW51eC91YnVudHUNClN1aXRlczogJCguIC9ldGMvb3MtcmVsZWFzZSAmJiBlY2hvICIke1VCVU5UVV9DT0RFTkFNRTotJFZFUlNJT05fQ09ERU5BTUV9IikNCkNvbXBvbmVudHM6IHN0YWJsZQ0KQXJjaGl0ZWN0dXJlczogJChkcGtnIC0tcHJpbnQtYXJjaGl0ZWN0dXJlKQ0KU2lnbmVkLUJ5OiAvZXRjL2FwdC9rZXlyaW5ncy9kb2NrZXIuYXNjDQpFT0YNCg0KIyBVcGRhdGUgcGFja2FnZSBpbmRleA0KYXB0LWdldCB1cGRhdGUgLXkNCg0KIyBJbnN0YWxsIERvY2tlcg0KYXB0LWdldCBpbnN0YWxsIC15IFwNCiAgICBkb2NrZXItY2UgXA0KICAgIGRvY2tlci1jZS1jbGkgXA0KICAgIGNvbnRhaW5lcmQuaW8gXA0KICAgIGRvY2tlci1idWlsZHgtcGx1Z2luIFwNCiAgICBkb2NrZXItY29tcG9zZS1wbHVnaW4NCg0KIyBFbmFibGUgYW5kIHN0YXJ0IERvY2tlcg0Kc3lzdGVtY3RsIGVuYWJsZSBkb2NrZXINCnN5c3RlbWN0bCBzdGFydCBkb2NrZXINCg0KZWNobyAiRG9ja2VyIGluc3RhbGxlZCBzdWNjZXNzZnVsbHkuIg0KDQpkb2NrZXIgLS12ZXJzaW9uDQoNCg0KIyA9PT09PT09PT09PT09PT09PT09PT09PT09PT09PT09PT09PT09PT09PT09PT09PT09PT09PT09PT09PT0NCiMgNC4gSW5zdGFsbCBBV1MgQ0xJIHYyDQojID09PT09PT09PT09PT09PT09PT09PT09PT09PT09PT09PT09PT09PT09PT09PT09PT09PT09PT09PT09PQ0KDQplY2hvICJJbnN0YWxsaW5nIEFXUyBDTEkgdjIuLi4iDQoNCmN1cmwgLWZzU0wgXA0KICAgICJodHRwczovL2F3c2NsaS5hbWF6b25hd3MuY29tL2F3c2NsaS1leGUtbGludXgteDg2XzY0LnppcCIgXA0KICAgIC1vICIvdG1wL2F3c2NsaXYyLnppcCINCg0KdW56aXAgLXEgL3RtcC9hd3NjbGl2Mi56aXAgLWQgL3RtcA0KDQovdG1wL2F3cy9pbnN0YWxsDQoNCiMgQ2xlYW51cA0Kcm0gLXJmIC90bXAvYXdzDQpybSAtZiAvdG1wL2F3c2NsaXYyLnppcA0KDQplY2hvICJBV1MgQ0xJIGluc3RhbGxlZCBzdWNjZXNzZnVsbHkuIg0KDQphd3MgLS12ZXJzaW9uDQoNCg0KIyA9PT09PT09PT09PT09PT09PT09PT09PT09PT09PT09PT09PT09PT09PT09PT09PT09PT09PT09PT09PT0NCiMgNS4gSW5zdGFsbCBKZW5raW5zDQojID09PT09PT09PT09PT09PT09PT09PT09PT09PT09PT09PT09PT09PT09PT09PT09PT09PT09PT09PT09PQ0KDQplY2hvICJJbnN0YWxsaW5nIEplbmtpbnMuLi4iDQoNCiMgQ3JlYXRlIGtleXJpbmcgZGlyZWN0b3J5DQppbnN0YWxsIC1tIDA3NTUgLWQgL2V0Yy9hcHQva2V5cmluZ3MNCg0KIyBEb3dubG9hZCBKZW5raW5zIEdQRyBrZXkNCndnZXQgLU8gXA0KICAgIC9ldGMvYXB0L2tleXJpbmdzL2plbmtpbnMta2V5cmluZy5hc2MgXA0KICAgIGh0dHBzOi8vcGtnLmplbmtpbnMuaW8vZGViaWFuLXN0YWJsZS9qZW5raW5zLmlvLTIwMjYua2V5DQoNCiMgQWRkIEplbmtpbnMgcmVwb3NpdG9yeQ0KZWNobyAiZGViIFtzaWduZWQtYnk9L2V0Yy9hcHQva2V5cmluZ3MvamVua2lucy1rZXlyaW5nLmFzY10gaHR0cHM6Ly9wa2cuamVua2lucy5pby9kZWJpYW4tc3RhYmxlIGJpbmFyeS8iIFwNCiAgICB8IHRlZSAvZXRjL2FwdC9zb3VyY2VzLmxpc3QuZC9qZW5raW5zLmxpc3QgPiAvZGV2L251bGwNCg0KIyBVcGRhdGUgcmVwb3NpdG9yeQ0KYXB0LWdldCB1cGRhdGUgLXkNCg0KIyBJbnN0YWxsIEplbmtpbnMNCmFwdC1nZXQgaW5zdGFsbCAteSBqZW5raW5zDQoNCiMgQWRkIEplbmtpbnMgdXNlciB0byBEb2NrZXIgZ3JvdXANCnVzZXJtb2QgLWFHIGRvY2tlciBqZW5raW5zDQoNCiMgRW5hYmxlIEplbmtpbnMNCnN5c3RlbWN0bCBlbmFibGUgamVua2lucw0KDQojIFN0YXJ0IEplbmtpbnMNCnN5c3RlbWN0bCBzdGFydCBqZW5raW5zDQoNCmVjaG8gIkplbmtpbnMgaW5zdGFsbGVkIHN1Y2Nlc3NmdWxseS4iDQoNCnN5c3RlbWN0bCBpcy1hY3RpdmUgamVua2lucw0KDQoNCiMgPT09PT09PT09PT09PT09PT09PT09PT09PT09PT09PT09PT09PT09PT09PT09PT09PT09PT09PT09PT09DQojIDYuIEluc3RhbGwga3ViZWN0bA0KIyA9PT09PT09PT09PT09PT09PT09PT09PT09PT09PT09PT09PT09PT09PT09PT09PT09PT09PT09PT09PT0NCg0KZWNobyAiSW5zdGFsbGluZyBrdWJlY3RsLi4uIg0KDQojIEdldCBsYXRlc3Qgc3RhYmxlIEt1YmVybmV0ZXMgdmVyc2lvbg0KS1VCRUNUTF9WRVJTSU9OPSQoY3VybCAtTCAtcyBodHRwczovL2RsLms4cy5pby9yZWxlYXNlL3N0YWJsZS50eHQpDQoNCmVjaG8gIkluc3RhbGxpbmcga3ViZWN0bCB2ZXJzaW9uOiAke0tVQkVDVExfVkVSU0lPTn0iDQoNCiMgRG93bmxvYWQga3ViZWN0bA0KY3VybCAtTE8gXA0KICAgICJodHRwczovL2RsLms4cy5pby9yZWxlYXNlLyR7S1VCRUNUTF9WRVJTSU9OfS9iaW4vbGludXgvYW1kNjQva3ViZWN0bCINCg0KIyBEb3dubG9hZCBrdWJlY3RsIGNoZWNrc3VtDQpjdXJsIC1MTyBcDQogICAgImh0dHBzOi8vZGwuazhzLmlvL3JlbGVhc2UvJHtLVUJFQ1RMX1ZFUlNJT059L2Jpbi9saW51eC9hbWQ2NC9rdWJlY3RsLnNoYTI1NiINCg0KIyBWZXJpZnkgY2hlY2tzdW0NCmVjaG8gIiQoY2F0IGt1YmVjdGwuc2hhMjU2KSAga3ViZWN0bCIgfCBzaGEyNTZzdW0gLS1jaGVjaw0KDQojIEluc3RhbGwga3ViZWN0bA0KaW5zdGFsbCAtbyByb290IC1nIHJvb3QgLW0gMDc1NSBrdWJlY3RsIC91c3IvbG9jYWwvYmluL2t1YmVjdGwNCg0KIyBDbGVhbnVwDQpybSAtZiBrdWJlY3RsDQpybSAtZiBrdWJlY3RsLnNoYTI1Ng0KDQplY2hvICJrdWJlY3RsIGluc3RhbGxlZCBzdWNjZXNzZnVsbHkuIg0KDQprdWJlY3RsIHZlcnNpb24gLS1jbGllbnQNCg0KDQojID09PT09PT09PT09PT09PT09PT09PT09PT09PT09PT09PT09PT09PT09PT09PT09PT09PT09PT09PT09PQ0KIyA3LiBJbnN0YWxsIEhlbG0NCiMgPT09PT09PT09PT09PT09PT09PT09PT09PT09PT09PT09PT09PT09PT09PT09PT09PT09PT09PT09PT09DQoNCmVjaG8gIkluc3RhbGxpbmcgSGVsbS4uLiINCg0KIyBEb3dubG9hZCBvZmZpY2lhbCBIZWxtIGluc3RhbGxhdGlvbiBzY3JpcHQNCmN1cmwgLWZzU0wgXA0KICAgIGh0dHBzOi8vcmF3LmdpdGh1YnVzZXJjb250ZW50LmNvbS9oZWxtL2hlbG0vbWFpbi9zY3JpcHRzL2dldC1oZWxtLTMgXA0KICAgIC1vIC90bXAvZ2V0X2hlbG0uc2gNCg0KY2htb2QgNzAwIC90bXAvZ2V0X2hlbG0uc2gNCg0KIyBJbnN0YWxsIEhlbG0NCi90bXAvZ2V0X2hlbG0uc2gNCg0KIyBDbGVhbnVwDQpybSAtZiAvdG1wL2dldF9oZWxtLnNoDQoNCmVjaG8gIkhlbG0gaW5zdGFsbGVkIHN1Y2Nlc3NmdWxseS4iDQoNCmhlbG0gdmVyc2lvbiAtLXNob3J0DQoNCg0KIyA9PT09PT09PT09PT09PT09PT09PT09PT09PT09PT09PT09PT09PT09PT09PT09PT09PT09PT09PT09PT0NCiMgOC4gSW5zdGFsbCBUcml2eQ0KIyA9PT09PT09PT09PT09PT09PT09PT09PT09PT09PT09PT09PT09PT09PT09PT09PT09PT09PT09PT09PT0NCg0KZWNobyAiSW5zdGFsbGluZyBUcml2eS4uLiINCg0KIyBEb3dubG9hZCBsYXRlc3QgVHJpdnkgcmVsZWFzZSB2ZXJzaW9uDQpUUklWWV9WRVJTSU9OPSQoY3VybCAtcyBodHRwczovL2FwaS5naXRodWIuY29tL3JlcG9zL2FxdWFzZWN1cml0eS90cml2eS9yZWxlYXNlcy9sYXRlc3QgXA0KICAgIHwgZ3JlcCAnInRhZ19uYW1lIjonIFwNCiAgICB8IGN1dCAtZCAnIicgLWYgNCBcDQogICAgfCBzZWQgJ3MvXnYvLycpDQoNCmVjaG8gIkluc3RhbGxpbmcgVHJpdnkgdmVyc2lvbjogJHtUUklWWV9WRVJTSU9OfSINCg0KIyBEb3dubG9hZCBUcml2eQ0KY3VybCAtTCBcDQogICAgImh0dHBzOi8vZ2l0aHViLmNvbS9hcXVhc2VjdXJpdHkvdHJpdnkvcmVsZWFzZXMvZG93bmxvYWQvdiR7VFJJVllfVkVSU0lPTn0vdHJpdnlfJHtUUklWWV9WRVJTSU9OfV9MaW51eC02NGJpdC50YXIuZ3oiIFwNCiAgICAtbyAvdG1wL3RyaXZ5LnRhci5neg0KDQojIENyZWF0ZSB0ZW1wb3JhcnkgZGlyZWN0b3J5DQpta2RpciAtcCAvdG1wL3RyaXZ5DQoNCiMgRXh0cmFjdA0KdGFyIC14emYgL3RtcC90cml2eS50YXIuZ3ogLUMgL3RtcC90cml2eQ0KDQojIEluc3RhbGwgYmluYXJ5DQppbnN0YWxsIC1tIDA3NTUgXA0KICAgIC90bXAvdHJpdnkvdHJpdnkgXA0KICAgIC91c3IvbG9jYWwvYmluL3RyaXZ5DQoNCiMgQ2xlYW51cA0Kcm0gLXJmIC90bXAvdHJpdnkNCnJtIC1mIC90bXAvdHJpdnkudGFyLmd6DQoNCmVjaG8gIlRyaXZ5IGluc3RhbGxlZCBzdWNjZXNzZnVsbHkuIg0KDQp0cml2eSAtLXZlcnNpb24NCg0KDQojID09PT09PT09PT09PT09PT09PT09PT09PT09PT09PT09PT09PT09PT09PT09PT09PT09PT09PT09PT09PQ0KIyA5LiBSZWZyZXNoIEplbmtpbnMgRG9ja2VyIEdyb3VwDQojID09PT09PT09PT09PT09PT09PT09PT09PT09PT09PT09PT09PT09PT09PT09PT09PT09PT09PT09PT09PQ0KDQplY2hvICJSZWZyZXNoaW5nIEplbmtpbnMgRG9ja2VyIHBlcm1pc3Npb25zLi4uIg0KDQojIFJlc3RhcnQgSmVua2lucyBzbyB0aGUgc2VydmljZSBwaWNrcyB1cCBEb2NrZXIgZ3JvdXAgbWVtYmVyc2hpcA0Kc3lzdGVtY3RsIHJlc3RhcnQgamVua2lucw0KDQpzbGVlcCAxMA0KDQoNCiMgPT09PT09PT09PT09PT09PT09PT09PT09PT09PT09PT09PT09PT09PT09PT09PT09PT09PT09PT09PT09DQojIDEwLiBGaW5hbCBWZXJpZmljYXRpb24NCiMgPT09PT09PT09PT09PT09PT09PT09PT09PT09PT09PT09PT09PT09PT09PT09PT09PT09PT09PT09PT09DQoNCmVjaG8gIiINCmVjaG8gIj09PT09PT09PT09PT09PT09PT09PT09PT09PT09PT09PT09PT09PT09PT09PT09PT09PT09PT09PT09PSINCmVjaG8gIlZFUklGSUNBVElPTiBTVU1NQVJZIg0KZWNobyAiPT09PT09PT09PT09PT09PT09PT09PT09PT09PT09PT09PT09PT09PT09PT09PT09PT09PT09PT09PT09Ig0KDQplY2hvICIiDQplY2hvICJKYXZhOiINCmphdmEgLXZlcnNpb24gMj4mMQ0KDQplY2hvICIiDQplY2hvICJHaXQ6Ig0KZ2l0IC0tdmVyc2lvbg0KDQplY2hvICIiDQplY2hvICJEb2NrZXI6Ig0KZG9ja2VyIC0tdmVyc2lvbg0KDQplY2hvICIiDQplY2hvICJEb2NrZXIgU2VydmljZToiDQpzeXN0ZW1jdGwgaXMtYWN0aXZlIGRvY2tlcg0KDQplY2hvICIiDQplY2hvICJBV1MgQ0xJOiINCmF3cyAtLXZlcnNpb24NCg0KZWNobyAiIg0KZWNobyAia3ViZWN0bDoiDQprdWJlY3RsIHZlcnNpb24gLS1jbGllbnQNCg0KZWNobyAiIg0KZWNobyAiSGVsbToiDQpoZWxtIHZlcnNpb24gLS1zaG9ydA0KDQplY2hvICIiDQplY2hvICJUcml2eToiDQp0cml2eSAtLXZlcnNpb24NCg0KZWNobyAiIg0KZWNobyAiSmVua2lucyBTZXJ2aWNlOiINCnN5c3RlbWN0bCBpcy1hY3RpdmUgamVua2lucw0KDQplY2hvICIiDQplY2hvICJQb3J0IDgwODA6Ig0Kc3MgLWxudHAgfCBncmVwIDgwODAgfHwgZWNobyAiUG9ydCA4MDgwIGlzIG5vdCBiaW5kaW5nIHlldC4iDQoNCmVjaG8gIiINCmVjaG8gIkplbmtpbnMgSW5pdGlhbCBBZG1pbiBQYXNzd29yZDoiDQppZiBbIC1mIC92YXIvbGliL2plbmtpbnMvc2VjcmV0cy9pbml0aWFsQWRtaW5QYXNzd29yZCBdOyB0aGVuDQogICAgY2F0IC92YXIvbGliL2plbmtpbnMvc2VjcmV0cy9pbml0aWFsQWRtaW5QYXNzd29yZA0KZWxzZQ0KICAgIGVjaG8gIlBhc3N3b3JkIGZpbGUgbm90IGF2YWlsYWJsZSB5ZXQuIg0KZmkNCg0KZWNobyAiIg0KZWNobyAiPT09PT09PT09PT09PT09PT09PT09PT09PT09PT09PT09PT09PT09PT09PT09PT09PT09PT09PT09PT09Ig0KZWNobyAiSmVua2lucyBFQzIgQm9vdHN0cmFwIENvbXBsZXRlZCINCmVjaG8gIj09PT09PT09PT09PT09PT09PT09PT09PT09PT09PT09PT09PT09PT09PT09PT09PT09PT09PT09PT09PSI=",
            "vpc_security_group_ids": [
              "sg-0fd4d7f235b346eef"
            ]
          },
          "sensitive_attributes": [],
          "private": "eyJzY2hlbWFfdmVyc2lvbiI6IjEifQ==",
          "dependencies": [
            "aws_iam_instance_profile.jenkins_profile",
            "aws_iam_role.jenkins_role",
            "aws_key_pair.main",
            "aws_security_group.alb_sg",
            "aws_security_group.jenkins_sg",
            "aws_vpc.main"
          ]
        }
      ]
    },
    {
      "mode": "managed",
      "type": "aws_lb",
      "name": "main",
      "provider": "provider[\"registry.terraform.io/hashicorp/aws\"]",
      "instances": [
        {
          "schema_version": 0,
          "attributes": {
            "access_logs": [
              {
                "bucket": "",
                "enabled": false,
                "prefix": ""
              }
            ],
            "arn": "arn:aws:elasticloadbalancing:us-east-1:649671357648:loadbalancer/app/multicloud-devsecops-dev-alb/1236193d7be94eed",
            "arn_suffix": "app/multicloud-devsecops-dev-alb/1236193d7be94eed",
            "client_keep_alive": 3600,
            "connection_logs": [
              {
                "bucket": "",
                "enabled": false,
                "prefix": ""
              }
            ],
            "customer_owned_ipv4_pool": "",
            "desync_mitigation_mode": "defensive",
            "dns_name": "multicloud-devsecops-dev-alb-977930594.us-east-1.elb.amazonaws.com",
            "dns_record_client_routing_policy": null,
            "drop_invalid_header_fields": false,
            "enable_cross_zone_load_balancing": true,
            "enable_deletion_protection": false,
            "enable_http2": true,
            "enable_prefix_for_ipv6_source_nat": "off",
            "enable_tls_version_and_cipher_suite_headers": false,
            "enable_waf_fail_open": false,
            "enable_xff_client_port": false,
            "enable_zonal_shift": false,
            "enforce_security_group_inbound_rules_on_private_link_traffic": "",
            "health_check_logs": [
              {
                "bucket": "",
                "enabled": false,
                "prefix": ""
              }
            ],
            "id": "arn:aws:elasticloadbalancing:us-east-1:649671357648:loadbalancer/app/multicloud-devsecops-dev-alb/1236193d7be94eed",
            "idle_timeout": 60,
            "internal": false,
            "ip_address_type": "ipv4",
            "ipam_pools": [],
            "load_balancer_type": "application",
            "minimum_load_balancer_capacity": [],
            "name": "multicloud-devsecops-dev-alb",
            "name_prefix": "",
            "preserve_host_header": false,
            "region": "us-east-1",
            "secondary_ips_auto_assigned_per_subnet": null,
            "security_groups": [
              "sg-0be41bcdd658dab9c"
            ],
            "subnet_mapping": [
              {
                "allocation_id": "",
                "ipv6_address": "",
                "outpost_id": "",
                "private_ipv4_address": "",
                "subnet_id": "subnet-02befc7c60f7d8414"
              },
              {
                "allocation_id": "",
                "ipv6_address": "",
                "outpost_id": "",
                "private_ipv4_address": "",
                "subnet_id": "subnet-0f147408e186fea0f"
              }
            ],
            "subnets": [
              "subnet-02befc7c60f7d8414",
              "subnet-0f147408e186fea0f"
            ],
            "tags": {
              "Name": "multicloud-devsecops-dev-alb"
            },
            "tags_all": {
              "Environment": "dev",
              "ManagedBy": "Terraform",
              "Name": "multicloud-devsecops-dev-alb",
              "Project": "multicloud-devsecops"
            },
            "timeouts": null,
            "vpc_id": "vpc-0640ef6e789c53382",
            "xff_header_processing_mode": "append",
            "zone_id": "Z35SXDOTRQ7X7K"
          },
          "sensitive_attributes": [],
          "private": "eyJlMmJmYjczMC1lY2FhLTExZTYtOGY4OC0zNDM2M2JjN2M0YzAiOnsiY3JlYXRlIjo2MDAwMDAwMDAwMDAsImRlbGV0ZSI6NjAwMDAwMDAwMDAwLCJ1cGRhdGUiOjYwMDAwMDAwMDAwMH19",
          "dependencies": [
            "aws_security_group.alb_sg",
            "aws_subnet.public",
            "aws_vpc.main"
          ]
        }
      ]
    },
    {
      "mode": "managed",
      "type": "aws_lb_listener",
      "name": "http",
      "provider": "provider[\"registry.terraform.io/hashicorp/aws\"]",
      "instances": [
        {
          "schema_version": 0,
          "attributes": {
            "alpn_policy": null,
            "arn": "arn:aws:elasticloadbalancing:us-east-1:649671357648:listener/app/multicloud-devsecops-dev-alb/1236193d7be94eed/9a433ced967d694c",
            "certificate_arn": null,
            "default_action": [
              {
                "authenticate_cognito": [],
                "authenticate_oidc": [],
                "fixed_response": [],
                "forward": [],
                "jwt_validation": [],
                "order": 1,
                "redirect": [],
                "target_group_arn": "arn:aws:elasticloadbalancing:us-east-1:649671357648:targetgroup/mc-dev-jenkins-tg/72cc6004ff0be434",
                "type": "forward"
              }
            ],
            "id": "arn:aws:elasticloadbalancing:us-east-1:649671357648:listener/app/multicloud-devsecops-dev-alb/1236193d7be94eed/9a433ced967d694c",
            "load_balancer_arn": "arn:aws:elasticloadbalancing:us-east-1:649671357648:loadbalancer/app/multicloud-devsecops-dev-alb/1236193d7be94eed",
            "mutual_authentication": [],
            "port": 80,
            "protocol": "HTTP",
            "region": "us-east-1",
            "routing_http_request_x_amzn_mtls_clientcert_header_name": null,
            "routing_http_request_x_amzn_mtls_clientcert_issuer_header_name": null,
            "routing_http_request_x_amzn_mtls_clientcert_leaf_header_name": null,
            "routing_http_request_x_amzn_mtls_clientcert_serial_number_header_name": null,
            "routing_http_request_x_amzn_mtls_clientcert_subject_header_name": null,
            "routing_http_request_x_amzn_mtls_clientcert_validity_header_name": null,
            "routing_http_request_x_amzn_tls_cipher_suite_header_name": null,
            "routing_http_request_x_amzn_tls_version_header_name": null,
            "routing_http_response_access_control_allow_credentials_header_value": "",
            "routing_http_response_access_control_allow_headers_header_value": "",
            "routing_http_response_access_control_allow_methods_header_value": "",
            "routing_http_response_access_control_allow_origin_header_value": "",
            "routing_http_response_access_control_expose_headers_header_value": "",
            "routing_http_response_access_control_max_age_header_value": "",
            "routing_http_response_content_security_policy_header_value": "",
            "routing_http_response_server_enabled": true,
            "routing_http_response_strict_transport_security_header_value": "",
            "routing_http_response_x_content_type_options_header_value": "",
            "routing_http_response_x_frame_options_header_value": "",
            "ssl_policy": "",
            "tags": null,
            "tags_all": {
              "Environment": "dev",
              "ManagedBy": "Terraform",
              "Project": "multicloud-devsecops"
            },
            "tcp_idle_timeout_seconds": null,
            "timeouts": null
          },
          "sensitive_attributes": [],
          "private": "eyJlMmJmYjczMC1lY2FhLTExZTYtOGY4OC0zNDM2M2JjN2M0YzAiOnsiY3JlYXRlIjozMDAwMDAwMDAwMDAsInVwZGF0ZSI6MzAwMDAwMDAwMDAwfX0=",
          "dependencies": [
            "aws_lb.main",
            "aws_lb_target_group.jenkins",
            "aws_security_group.alb_sg",
            "aws_subnet.public",
            "aws_vpc.main"
          ]
        }
      ]
    },
    {
      "mode": "managed",
      "type": "aws_lb_target_group",
      "name": "jenkins",
      "provider": "provider[\"registry.terraform.io/hashicorp/aws\"]",
      "instances": [
        {
          "schema_version": 0,
          "attributes": {
            "arn": "arn:aws:elasticloadbalancing:us-east-1:649671357648:targetgroup/mc-dev-jenkins-tg/72cc6004ff0be434",
            "arn_suffix": "targetgroup/mc-dev-jenkins-tg/72cc6004ff0be434",
            "connection_termination": null,
            "deregistration_delay": "300",
            "health_check": [
              {
                "enabled": true,
                "healthy_threshold": 2,
                "interval": 30,
                "matcher": "200-399",
                "path": "/login",
                "port": "8080",
                "protocol": "HTTP",
                "timeout": 5,
                "unhealthy_threshold": 3
              }
            ],
            "id": "arn:aws:elasticloadbalancing:us-east-1:649671357648:targetgroup/mc-dev-jenkins-tg/72cc6004ff0be434",
            "ip_address_type": "ipv4",
            "lambda_multi_value_headers_enabled": false,
            "load_balancer_arns": [],
            "load_balancing_algorithm_type": "round_robin",
            "load_balancing_anomaly_mitigation": "off",
            "load_balancing_cross_zone_enabled": "use_load_balancer_configuration",
            "name": "mc-dev-jenkins-tg",
            "name_prefix": "",
            "port": 8080,
            "preserve_client_ip": null,
            "protocol": "HTTP",
            "protocol_version": "HTTP1",
            "proxy_protocol_v2": false,
            "region": "us-east-1",
            "slow_start": 0,
            "stickiness": [
              {
                "cookie_duration": 86400,
                "cookie_name": "",
                "enabled": false,
                "type": "lb_cookie"
              }
            ],
            "tags": {
              "Name": "multicloud-devsecops-dev-jenkins-tg"
            },
            "tags_all": {
              "Environment": "dev",
              "ManagedBy": "Terraform",
              "Name": "multicloud-devsecops-dev-jenkins-tg",
              "Project": "multicloud-devsecops"
            },
            "target_control_port": 0,
            "target_failover": [
              {
                "on_deregistration": null,
                "on_unhealthy": null
              }
            ],
            "target_group_health": [
              {
                "dns_failover": [
                  {
                    "minimum_healthy_targets_count": "1",
                    "minimum_healthy_targets_percentage": "off"
                  }
                ],
                "unhealthy_state_routing": [
                  {
                    "minimum_healthy_targets_count": 1,
                    "minimum_healthy_targets_percentage": "off"
                  }
                ]
              }
            ],
            "target_health_state": [
              {
                "enable_unhealthy_connection_termination": null,
                "unhealthy_draining_interval": null
              }
            ],
            "target_type": "instance",
            "vpc_id": "vpc-0640ef6e789c53382"
          },
          "sensitive_attributes": [],
          "private": "bnVsbA==",
          "dependencies": [
            "aws_vpc.main"
          ]
        }
      ]
    },
    {
      "mode": "managed",
      "type": "aws_nat_gateway",
      "name": "main",
      "provider": "provider[\"registry.terraform.io/hashicorp/aws\"]",
      "instances": [
        {
          "schema_version": 0,
          "attributes": {
            "allocation_id": "eipalloc-081ae36cc24c46797",
            "association_id": "eipassoc-0d348385a78dd22e8",
            "auto_provision_zones": null,
            "auto_scaling_ips": null,
            "availability_mode": "zonal",
            "availability_zone_address": [],
            "connectivity_type": "public",
            "id": "nat-07cb130d3507278cf",
            "network_interface_id": "eni-0fb206f063716361a",
            "private_ip": "10.0.1.236",
            "public_ip": "32.198.222.16",
            "region": "us-east-1",
            "regional_nat_gateway_address": [],
            "regional_nat_gateway_auto_mode": null,
            "route_table_id": null,
            "secondary_allocation_ids": [],
            "secondary_private_ip_address_count": 0,
            "secondary_private_ip_addresses": [],
            "subnet_id": "subnet-0f147408e186fea0f",
            "tags": {
              "Name": "multicloud-devsecops-dev-nat-gateway"
            },
            "tags_all": {
              "Environment": "dev",
              "ManagedBy": "Terraform",
              "Name": "multicloud-devsecops-dev-nat-gateway",
              "Project": "multicloud-devsecops"
            },
            "timeouts": null,
            "vpc_id": "vpc-0640ef6e789c53382"
          },
          "sensitive_attributes": [],
          "private": "eyJlMmJmYjczMC1lY2FhLTExZTYtOGY4OC0zNDM2M2JjN2M0YzAiOnsiY3JlYXRlIjo2MDAwMDAwMDAwMDAsImRlbGV0ZSI6MTgwMDAwMDAwMDAwMCwidXBkYXRlIjo2MDAwMDAwMDAwMDB9fQ==",
          "dependencies": [
            "aws_eip.nat",
            "aws_internet_gateway.main",
            "aws_subnet.public",
            "aws_vpc.main"
          ]
        }
      ]
    },
    {
      "mode": "managed",
      "type": "aws_route_table",
      "name": "private",
      "provider": "provider[\"registry.terraform.io/hashicorp/aws\"]",
      "instances": [
        {
          "schema_version": 0,
          "attributes": {
            "arn": "arn:aws:ec2:us-east-1:649671357648:route-table/rtb-0cf25cec4f8b32472",
            "id": "rtb-0cf25cec4f8b32472",
            "owner_id": "649671357648",
            "propagating_vgws": [],
            "region": "us-east-1",
            "route": [
              {
                "carrier_gateway_id": "",
                "cidr_block": "0.0.0.0/0",
                "core_network_arn": "",
                "destination_prefix_list_id": "",
                "egress_only_gateway_id": "",
                "gateway_id": "",
                "ipv6_cidr_block": "",
                "local_gateway_id": "",
                "nat_gateway_id": "nat-07cb130d3507278cf",
                "network_interface_id": "",
                "odb_network_arn": "",
                "transit_gateway_id": "",
                "vpc_endpoint_id": "",
                "vpc_peering_connection_id": ""
              }
            ],
            "tags": {
              "Name": "multicloud-devsecops-dev-private-rt",
              "Tier": "Private"
            },
            "tags_all": {
              "Environment": "dev",
              "ManagedBy": "Terraform",
              "Name": "multicloud-devsecops-dev-private-rt",
              "Project": "multicloud-devsecops",
              "Tier": "Private"
            },
            "timeouts": null,
            "vpc_id": "vpc-0640ef6e789c53382"
          },
          "sensitive_attributes": [],
          "private": "eyJlMmJmYjczMC1lY2FhLTExZTYtOGY4OC0zNDM2M2JjN2M0YzAiOnsiY3JlYXRlIjozMDAwMDAwMDAwMDAsImRlbGV0ZSI6MzAwMDAwMDAwMDAwLCJ1cGRhdGUiOjEyMDAwMDAwMDAwMH19",
          "dependencies": [
            "aws_eip.nat",
            "aws_internet_gateway.main",
            "aws_nat_gateway.main",
            "aws_subnet.public",
            "aws_vpc.main"
          ]
        }
      ]
    },
    {
      "mode": "managed",
      "type": "aws_route_table",
      "name": "public",
      "provider": "provider[\"registry.terraform.io/hashicorp/aws\"]",
      "instances": [
        {
          "schema_version": 0,
          "attributes": {
            "arn": "arn:aws:ec2:us-east-1:649671357648:route-table/rtb-05b1473b3e650abe5",
            "id": "rtb-05b1473b3e650abe5",
            "owner_id": "649671357648",
            "propagating_vgws": [],
            "region": "us-east-1",
            "route": [
              {
                "carrier_gateway_id": "",
                "cidr_block": "0.0.0.0/0",
                "core_network_arn": "",
                "destination_prefix_list_id": "",
                "egress_only_gateway_id": "",
                "gateway_id": "igw-084628570f49c7753",
                "ipv6_cidr_block": "",
                "local_gateway_id": "",
                "nat_gateway_id": "",
                "network_interface_id": "",
                "odb_network_arn": "",
                "transit_gateway_id": "",
                "vpc_endpoint_id": "",
                "vpc_peering_connection_id": ""
              }
            ],
            "tags": {
              "Name": "multicloud-devsecops-dev-public-rt",
              "Tier": "Public"
            },
            "tags_all": {
              "Environment": "dev",
              "ManagedBy": "Terraform",
              "Name": "multicloud-devsecops-dev-public-rt",
              "Project": "multicloud-devsecops",
              "Tier": "Public"
            },
            "timeouts": null,
            "vpc_id": "vpc-0640ef6e789c53382"
          },
          "sensitive_attributes": [],
          "private": "eyJlMmJmYjczMC1lY2FhLTExZTYtOGY4OC0zNDM2M2JjN2M0YzAiOnsiY3JlYXRlIjozMDAwMDAwMDAwMDAsImRlbGV0ZSI6MzAwMDAwMDAwMDAwLCJ1cGRhdGUiOjEyMDAwMDAwMDAwMH19",
          "dependencies": [
            "aws_internet_gateway.main",
            "aws_vpc.main"
          ]
        }
      ]
    },
    {
      "mode": "managed",
      "type": "aws_route_table_association",
      "name": "private",
      "provider": "provider[\"registry.terraform.io/hashicorp/aws\"]",
      "instances": [
        {
          "index_key": "private_a",
          "schema_version": 0,
          "attributes": {
            "gateway_id": "",
            "id": "rtbassoc-0113d1e654426928b",
            "region": "us-east-1",
            "route_table_id": "rtb-0cf25cec4f8b32472",
            "subnet_id": "subnet-0e0f8173157add9b0",
            "timeouts": null
          },
          "sensitive_attributes": [],
          "private": "eyJlMmJmYjczMC1lY2FhLTExZTYtOGY4OC0zNDM2M2JjN2M0YzAiOnsiY3JlYXRlIjozMDAwMDAwMDAwMDAsImRlbGV0ZSI6MzAwMDAwMDAwMDAwLCJ1cGRhdGUiOjEyMDAwMDAwMDAwMH19",
          "dependencies": [
            "aws_eip.nat",
            "aws_internet_gateway.main",
            "aws_nat_gateway.main",
            "aws_route_table.private",
            "aws_subnet.private",
            "aws_subnet.public",
            "aws_vpc.main"
          ]
        },
        {
          "index_key": "private_b",
          "schema_version": 0,
          "attributes": {
            "gateway_id": "",
            "id": "rtbassoc-0b2b0c85dd76c9074",
            "region": "us-east-1",
            "route_table_id": "rtb-0cf25cec4f8b32472",
            "subnet_id": "subnet-03599a2b70e29510b",
            "timeouts": null
          },
          "sensitive_attributes": [],
          "private": "eyJlMmJmYjczMC1lY2FhLTExZTYtOGY4OC0zNDM2M2JjN2M0YzAiOnsiY3JlYXRlIjozMDAwMDAwMDAwMDAsImRlbGV0ZSI6MzAwMDAwMDAwMDAwLCJ1cGRhdGUiOjEyMDAwMDAwMDAwMH19",
          "dependencies": [
            "aws_eip.nat",
            "aws_internet_gateway.main",
            "aws_nat_gateway.main",
            "aws_route_table.private",
            "aws_subnet.private",
            "aws_subnet.public",
            "aws_vpc.main"
          ]
        }
      ]
    },
    {
      "mode": "managed",
      "type": "aws_route_table_association",
      "name": "public",
      "provider": "provider[\"registry.terraform.io/hashicorp/aws\"]",
      "instances": [
        {
          "index_key": "public_a",
          "schema_version": 0,
          "attributes": {
            "gateway_id": "",
            "id": "rtbassoc-0a4a7b735606272d6",
            "region": "us-east-1",
            "route_table_id": "rtb-05b1473b3e650abe5",
            "subnet_id": "subnet-0f147408e186fea0f",
            "timeouts": null
          },
          "sensitive_attributes": [],
          "private": "eyJlMmJmYjczMC1lY2FhLTExZTYtOGY4OC0zNDM2M2JjN2M0YzAiOnsiY3JlYXRlIjozMDAwMDAwMDAwMDAsImRlbGV0ZSI6MzAwMDAwMDAwMDAwLCJ1cGRhdGUiOjEyMDAwMDAwMDAwMH19",
          "dependencies": [
            "aws_internet_gateway.main",
            "aws_route_table.public",
            "aws_subnet.public",
            "aws_vpc.main"
          ]
        },
        {
          "index_key": "public_b",
          "schema_version": 0,
          "attributes": {
            "gateway_id": "",
            "id": "rtbassoc-0e7da38b94f984e48",
            "region": "us-east-1",
            "route_table_id": "rtb-05b1473b3e650abe5",
            "subnet_id": "subnet-02befc7c60f7d8414",
            "timeouts": null
          },
          "sensitive_attributes": [],
          "private": "eyJlMmJmYjczMC1lY2FhLTExZTYtOGY4OC0zNDM2M2JjN2M0YzAiOnsiY3JlYXRlIjozMDAwMDAwMDAwMDAsImRlbGV0ZSI6MzAwMDAwMDAwMDAwLCJ1cGRhdGUiOjEyMDAwMDAwMDAwMH19",
          "dependencies": [
            "aws_internet_gateway.main",
            "aws_route_table.public",
            "aws_subnet.public",
            "aws_vpc.main"
          ]
        }
      ]
    },
    {
      "mode": "managed",
      "type": "aws_s3_bucket",
      "name": "project_bucket",
      "provider": "provider[\"registry.terraform.io/hashicorp/aws\"]",
      "instances": [
        {
          "schema_version": 0,
          "attributes": {
            "acceleration_status": "",
            "acl": null,
            "arn": "arn:aws:s3:::multicloud-devsecops-dev-artifacts",
            "bucket": "multicloud-devsecops-dev-artifacts",
            "bucket_domain_name": "multicloud-devsecops-dev-artifacts.s3.amazonaws.com",
            "bucket_namespace": "global",
            "bucket_prefix": "",
            "bucket_region": "us-east-1",
            "bucket_regional_domain_name": "multicloud-devsecops-dev-artifacts.s3.us-east-1.amazonaws.com",
            "cors_rule": [],
            "force_destroy": false,
            "grant": [
              {
                "id": "226c1fc8bd20fd5f0887d56f9a6fc0ff40862e0a05e7caa665d0cfb4f2913f82",
                "permissions": [
                  "FULL_CONTROL"
                ],
                "type": "CanonicalUser",
                "uri": ""
              }
            ],
            "hosted_zone_id": "Z3AQBSTGFYJSTF",
            "id": "multicloud-devsecops-dev-artifacts",
            "lifecycle_rule": [],
            "logging": [],
            "object_lock_configuration": [],
            "object_lock_enabled": false,
            "policy": "",
            "region": "us-east-1",
            "replication_configuration": [],
            "request_payer": "BucketOwner",
            "server_side_encryption_configuration": [
              {
                "rule": [
                  {
                    "apply_server_side_encryption_by_default": [
                      {
                        "kms_master_key_id": "",
                        "sse_algorithm": "AES256"
                      }
                    ],
                    "bucket_key_enabled": false
                  }
                ]
              }
            ],
            "tags": {
              "Name": "multicloud-devsecops-dev-artifacts",
              "Purpose": "Application artifacts"
            },
            "tags_all": {
              "Environment": "dev",
              "ManagedBy": "Terraform",
              "Name": "multicloud-devsecops-dev-artifacts",
              "Project": "multicloud-devsecops",
              "Purpose": "Application artifacts"
            },
            "timeouts": null,
            "versioning": [
              {
                "enabled": false,
                "mfa_delete": false
              }
            ],
            "website": [],
            "website_domain": null,
            "website_endpoint": null
          },
          "sensitive_attributes": [],
          "private": "eyJlMmJmYjczMC1lY2FhLTExZTYtOGY4OC0zNDM2M2JjN2M0YzAiOnsiY3JlYXRlIjoxMjAwMDAwMDAwMDAwLCJkZWxldGUiOjM2MDAwMDAwMDAwMDAsInJlYWQiOjEyMDAwMDAwMDAwMDAsInVwZGF0ZSI6MTIwMDAwMDAwMDAwMH19"
        }
      ]
    },
    {
      "mode": "managed",
      "type": "aws_s3_bucket_lifecycle_configuration",
      "name": "project_bucket",
      "provider": "provider[\"registry.terraform.io/hashicorp/aws\"]",
      "instances": [
        {
          "schema_version": 1,
          "attributes": {
            "bucket": "multicloud-devsecops-dev-artifacts",
            "expected_bucket_owner": "",
            "id": "multicloud-devsecops-dev-artifacts",
            "region": "us-east-1",
            "rule": [
              {
                "abort_incomplete_multipart_upload": [],
                "expiration": [
                  {
                    "date": null,
                    "days": 365,
                    "expired_object_delete_marker": false
                  }
                ],
                "filter": [
                  {
                    "and": [],
                    "object_size_greater_than": null,
                    "object_size_less_than": null,
                    "prefix": "",
                    "tag": []
                  }
                ],
                "id": "artifact-lifecycle",
                "noncurrent_version_expiration": [],
                "noncurrent_version_transition": [],
                "prefix": "",
                "status": "Enabled",
                "transition": [
                  {
                    "date": null,
                    "days": 30,
                    "storage_class": "STANDARD_IA"
                  }
                ]
              }
            ],
            "timeouts": null,
            "transition_default_minimum_object_size": "all_storage_classes_128K"
          },
          "sensitive_attributes": [],
          "dependencies": [
            "aws_s3_bucket.project_bucket"
          ]
        }
      ]
    },
    {
      "mode": "managed",
      "type": "aws_s3_bucket_public_access_block",
      "name": "project_bucket",
      "provider": "provider[\"registry.terraform.io/hashicorp/aws\"]",
      "instances": [
        {
          "schema_version": 0,
          "attributes": {
            "block_public_acls": true,
            "block_public_policy": true,
            "bucket": "multicloud-devsecops-dev-artifacts",
            "id": "multicloud-devsecops-dev-artifacts",
            "ignore_public_acls": true,
            "region": "us-east-1",
            "restrict_public_buckets": true,
            "skip_destroy": null
          },
          "sensitive_attributes": [],
          "private": "bnVsbA==",
          "dependencies": [
            "aws_s3_bucket.project_bucket"
          ]
        }
      ]
    },
    {
      "mode": "managed",
      "type": "aws_s3_bucket_server_side_encryption_configuration",
      "name": "project_bucket",
      "provider": "provider[\"registry.terraform.io/hashicorp/aws\"]",
      "instances": [
        {
          "schema_version": 0,
          "attributes": {
            "bucket": "multicloud-devsecops-dev-artifacts",
            "expected_bucket_owner": "",
            "id": "multicloud-devsecops-dev-artifacts",
            "region": "us-east-1",
            "rule": [
              {
                "apply_server_side_encryption_by_default": [
                  {
                    "kms_master_key_id": "",
                    "sse_algorithm": "AES256"
                  }
                ],
                "blocked_encryption_types": [
                  "SSE-C"
                ],
                "bucket_key_enabled": false
              }
            ]
          },
          "sensitive_attributes": [],
          "private": "bnVsbA==",
          "dependencies": [
            "aws_s3_bucket.project_bucket"
          ]
        }
      ]
    },
    {
      "mode": "managed",
      "type": "aws_s3_bucket_versioning",
      "name": "project_bucket",
      "provider": "provider[\"registry.terraform.io/hashicorp/aws\"]",
      "instances": [
        {
          "schema_version": 0,
          "attributes": {
            "bucket": "multicloud-devsecops-dev-artifacts",
            "expected_bucket_owner": "",
            "id": "multicloud-devsecops-dev-artifacts",
            "mfa": null,
            "region": "us-east-1",
            "versioning_configuration": [
              {
                "mfa_delete": "Disabled",
                "status": "Enabled"
              }
            ]
          },
          "sensitive_attributes": [],
          "private": "bnVsbA==",
          "dependencies": [
            "aws_s3_bucket.project_bucket"
          ]
        }
      ]
    },
    {
      "mode": "managed",
      "type": "aws_security_group",
      "name": "alb_sg",
      "provider": "provider[\"registry.terraform.io/hashicorp/aws\"]",
      "instances": [
        {
          "schema_version": 1,
          "attributes": {
            "arn": "arn:aws:ec2:us-east-1:649671357648:security-group/sg-0be41bcdd658dab9c",
            "description": "Security group for Application Load Balancer",
            "egress": [
              {
                "cidr_blocks": [
                  "0.0.0.0/0"
                ],
                "description": "Allow all outbound traffic",
                "from_port": 0,
                "ipv6_cidr_blocks": [],
                "prefix_list_ids": [],
                "protocol": "-1",
                "security_groups": [],
                "self": false,
                "to_port": 0
              }
            ],
            "id": "sg-0be41bcdd658dab9c",
            "ingress": [
              {
                "cidr_blocks": [
                  "0.0.0.0/0"
                ],
                "description": "Allow HTTP traffic",
                "from_port": 80,
                "ipv6_cidr_blocks": [],
                "prefix_list_ids": [],
                "protocol": "tcp",
                "security_groups": [],
                "self": false,
                "to_port": 80
              },
              {
                "cidr_blocks": [
                  "0.0.0.0/0"
                ],
                "description": "Allow HTTPS traffic",
                "from_port": 443,
                "ipv6_cidr_blocks": [],
                "prefix_list_ids": [],
                "protocol": "tcp",
                "security_groups": [],
                "self": false,
                "to_port": 443
              }
            ],
            "name": "multicloud-devsecops-dev-alb-sg",
            "name_prefix": "",
            "owner_id": "649671357648",
            "region": "us-east-1",
            "revoke_rules_on_delete": false,
            "tags": {
              "Name": "multicloud-devsecops-dev-alb-sg",
              "Tier": "Public"
            },
            "tags_all": {
              "Environment": "dev",
              "ManagedBy": "Terraform",
              "Name": "multicloud-devsecops-dev-alb-sg",
              "Project": "multicloud-devsecops",
              "Tier": "Public"
            },
            "timeouts": null,
            "vpc_id": "vpc-0640ef6e789c53382"
          },
          "sensitive_attributes": [],
          "private": "eyJlMmJmYjczMC1lY2FhLTExZTYtOGY4OC0zNDM2M2JjN2M0YzAiOnsiY3JlYXRlIjo2MDAwMDAwMDAwMDAsImRlbGV0ZSI6OTAwMDAwMDAwMDAwfSwic2NoZW1hX3ZlcnNpb24iOiIxIn0=",
          "dependencies": [
            "aws_vpc.main"
          ]
        }
      ]
    },
    {
      "mode": "managed",
      "type": "aws_security_group",
      "name": "eks_sg",
      "provider": "provider[\"registry.terraform.io/hashicorp/aws\"]",
      "instances": [
        {
          "schema_version": 1,
          "attributes": {
            "arn": "arn:aws:ec2:us-east-1:649671357648:security-group/sg-0c089837fe625f181",
            "description": "Security group for EKS cluster",
            "egress": [
              {
                "cidr_blocks": [
                  "0.0.0.0/0"
                ],
                "description": "Allow all outbound traffic",
                "from_port": 0,
                "ipv6_cidr_blocks": [],
                "prefix_list_ids": [],
                "protocol": "-1",
                "security_groups": [],
                "self": false,
                "to_port": 0
              }
            ],
            "id": "sg-0c089837fe625f181",
            "ingress": [
              {
                "cidr_blocks": [
                  "10.0.0.0/16"
                ],
                "description": "Allow EKS API traffic from VPC",
                "from_port": 443,
                "ipv6_cidr_blocks": [],
                "prefix_list_ids": [],
                "protocol": "tcp",
                "security_groups": [],
                "self": false,
                "to_port": 443
              }
            ],
            "name": "multicloud-devsecops-dev-eks-sg",
            "name_prefix": "",
            "owner_id": "649671357648",
            "region": "us-east-1",
            "revoke_rules_on_delete": false,
            "tags": {
              "Name": "multicloud-devsecops-dev-eks-sg",
              "Tier": "Private"
            },
            "tags_all": {
              "Environment": "dev",
              "ManagedBy": "Terraform",
              "Name": "multicloud-devsecops-dev-eks-sg",
              "Project": "multicloud-devsecops",
              "Tier": "Private"
            },
            "timeouts": null,
            "vpc_id": "vpc-0640ef6e789c53382"
          },
          "sensitive_attributes": [],
          "private": "eyJlMmJmYjczMC1lY2FhLTExZTYtOGY4OC0zNDM2M2JjN2M0YzAiOnsiY3JlYXRlIjo2MDAwMDAwMDAwMDAsImRlbGV0ZSI6OTAwMDAwMDAwMDAwfSwic2NoZW1hX3ZlcnNpb24iOiIxIn0=",
          "dependencies": [
            "aws_vpc.main"
          ]
        }
      ]
    },
    {
      "mode": "managed",
      "type": "aws_security_group",
      "name": "jenkins_sg",
      "provider": "provider[\"registry.terraform.io/hashicorp/aws\"]",
      "instances": [
        {
          "schema_version": 1,
          "attributes": {
            "arn": "arn:aws:ec2:us-east-1:649671357648:security-group/sg-0fd4d7f235b346eef",
            "description": "Security group for Jenkins server",
            "egress": [
              {
                "cidr_blocks": [
                  "0.0.0.0/0"
                ],
                "description": "Allow all outbound traffic",
                "from_port": 0,
                "ipv6_cidr_blocks": [],
                "prefix_list_ids": [],
                "protocol": "-1",
                "security_groups": [],
                "self": false,
                "to_port": 0
              }
            ],
            "id": "sg-0fd4d7f235b346eef",
            "ingress": [
              {
                "cidr_blocks": [],
                "description": "Allow Jenkins traffic from ALB",
                "from_port": 8080,
                "ipv6_cidr_blocks": [],
                "prefix_list_ids": [],
                "protocol": "tcp",
                "security_groups": [
                  "sg-0be41bcdd658dab9c"
                ],
                "self": false,
                "to_port": 8080
              }
            ],
            "name": "multicloud-devsecops-dev-jenkins-sg",
            "name_prefix": "",
            "owner_id": "649671357648",
            "region": "us-east-1",
            "revoke_rules_on_delete": false,
            "tags": {
              "Name": "multicloud-devsecops-dev-jenkins-sg",
              "Tier": "Private"
            },
            "tags_all": {
              "Environment": "dev",
              "ManagedBy": "Terraform",
              "Name": "multicloud-devsecops-dev-jenkins-sg",
              "Project": "multicloud-devsecops",
              "Tier": "Private"
            },
            "timeouts": null,
            "vpc_id": "vpc-0640ef6e789c53382"
          },
          "sensitive_attributes": [],
          "private": "eyJlMmJmYjczMC1lY2FhLTExZTYtOGY4OC0zNDM2M2JjN2M0YzAiOnsiY3JlYXRlIjo2MDAwMDAwMDAwMDAsImRlbGV0ZSI6OTAwMDAwMDAwMDAwfSwic2NoZW1hX3ZlcnNpb24iOiIxIn0=",
          "dependencies": [
            "aws_security_group.alb_sg",
            "aws_vpc.main"
          ]
        }
      ]
    },
    {
      "mode": "managed",
      "type": "aws_subnet",
      "name": "private",
      "provider": "provider[\"registry.terraform.io/hashicorp/aws\"]",
      "instances": [
        {
          "index_key": "private_a",
          "schema_version": 1,
          "attributes": {
            "arn": "arn:aws:ec2:us-east-1:649671357648:subnet/subnet-0e0f8173157add9b0",
            "assign_ipv6_address_on_creation": false,
            "availability_zone": "us-east-1a",
            "availability_zone_id": "use1-az4",
            "cidr_block": "10.0.11.0/24",
            "customer_owned_ipv4_pool": "",
            "enable_dns64": false,
            "enable_lni_at_device_index": 0,
            "enable_resource_name_dns_a_record_on_launch": false,
            "enable_resource_name_dns_aaaa_record_on_launch": false,
            "id": "subnet-0e0f8173157add9b0",
            "ipv4_ipam_pool_id": null,
            "ipv4_netmask_length": null,
            "ipv6_cidr_block": "",
            "ipv6_cidr_block_association_id": "",
            "ipv6_ipam_pool_id": null,
            "ipv6_native": false,
            "ipv6_netmask_length": null,
            "map_customer_owned_ip_on_launch": false,
            "map_public_ip_on_launch": false,
            "outpost_arn": "",
            "owner_id": "649671357648",
            "private_dns_hostname_type_on_launch": "ip-name",
            "region": "us-east-1",
            "tags": {
              "Name": "multicloud-devsecops-dev-private_a",
              "Tier": "Private"
            },
            "tags_all": {
              "Environment": "dev",
              "ManagedBy": "Terraform",
              "Name": "multicloud-devsecops-dev-private_a",
              "Project": "multicloud-devsecops",
              "Tier": "Private"
            },
            "timeouts": null,
            "vpc_id": "vpc-0640ef6e789c53382"
          },
          "sensitive_attributes": [],
          "private": "eyJlMmJmYjczMC1lY2FhLTExZTYtOGY4OC0zNDM2M2JjN2M0YzAiOnsiY3JlYXRlIjo2MDAwMDAwMDAwMDAsImRlbGV0ZSI6MTIwMDAwMDAwMDAwMH0sInNjaGVtYV92ZXJzaW9uIjoiMSJ9",
          "dependencies": [
            "aws_vpc.main"
          ]
        },
        {
          "index_key": "private_b",
          "schema_version": 1,
          "attributes": {
            "arn": "arn:aws:ec2:us-east-1:649671357648:subnet/subnet-03599a2b70e29510b",
            "assign_ipv6_address_on_creation": false,
            "availability_zone": "us-east-1b",
            "availability_zone_id": "use1-az6",
            "cidr_block": "10.0.12.0/24",
            "customer_owned_ipv4_pool": "",
            "enable_dns64": false,
            "enable_lni_at_device_index": 0,
            "enable_resource_name_dns_a_record_on_launch": false,
            "enable_resource_name_dns_aaaa_record_on_launch": false,
            "id": "subnet-03599a2b70e29510b",
            "ipv4_ipam_pool_id": null,
            "ipv4_netmask_length": null,
            "ipv6_cidr_block": "",
            "ipv6_cidr_block_association_id": "",
            "ipv6_ipam_pool_id": null,
            "ipv6_native": false,
            "ipv6_netmask_length": null,
            "map_customer_owned_ip_on_launch": false,
            "map_public_ip_on_launch": false,
            "outpost_arn": "",
            "owner_id": "649671357648",
            "private_dns_hostname_type_on_launch": "ip-name",
            "region": "us-east-1",
            "tags": {
              "Name": "multicloud-devsecops-dev-private_b",
              "Tier": "Private"
            },
            "tags_all": {
              "Environment": "dev",
              "ManagedBy": "Terraform",
              "Name": "multicloud-devsecops-dev-private_b",
              "Project": "multicloud-devsecops",
              "Tier": "Private"
            },
            "timeouts": null,
            "vpc_id": "vpc-0640ef6e789c53382"
          },
          "sensitive_attributes": [],
          "private": "eyJlMmJmYjczMC1lY2FhLTExZTYtOGY4OC0zNDM2M2JjN2M0YzAiOnsiY3JlYXRlIjo2MDAwMDAwMDAwMDAsImRlbGV0ZSI6MTIwMDAwMDAwMDAwMH0sInNjaGVtYV92ZXJzaW9uIjoiMSJ9",
          "dependencies": [
            "aws_vpc.main"
          ]
        }
      ]
    },
    {
      "mode": "managed",
      "type": "aws_subnet",
      "name": "public",
      "provider": "provider[\"registry.terraform.io/hashicorp/aws\"]",
      "instances": [
        {
          "index_key": "public_a",
          "schema_version": 1,
          "attributes": {
            "arn": "arn:aws:ec2:us-east-1:649671357648:subnet/subnet-0f147408e186fea0f",
            "assign_ipv6_address_on_creation": false,
            "availability_zone": "us-east-1a",
            "availability_zone_id": "use1-az4",
            "cidr_block": "10.0.1.0/24",
            "customer_owned_ipv4_pool": "",
            "enable_dns64": false,
            "enable_lni_at_device_index": 0,
            "enable_resource_name_dns_a_record_on_launch": false,
            "enable_resource_name_dns_aaaa_record_on_launch": false,
            "id": "subnet-0f147408e186fea0f",
            "ipv4_ipam_pool_id": null,
            "ipv4_netmask_length": null,
            "ipv6_cidr_block": "",
            "ipv6_cidr_block_association_id": "",
            "ipv6_ipam_pool_id": null,
            "ipv6_native": false,
            "ipv6_netmask_length": null,
            "map_customer_owned_ip_on_launch": false,
            "map_public_ip_on_launch": true,
            "outpost_arn": "",
            "owner_id": "649671357648",
            "private_dns_hostname_type_on_launch": "ip-name",
            "region": "us-east-1",
            "tags": {
              "Name": "multicloud-devsecops-dev-public_a",
              "Tier": "Public"
            },
            "tags_all": {
              "Environment": "dev",
              "ManagedBy": "Terraform",
              "Name": "multicloud-devsecops-dev-public_a",
              "Project": "multicloud-devsecops",
              "Tier": "Public"
            },
            "timeouts": null,
            "vpc_id": "vpc-0640ef6e789c53382"
          },
          "sensitive_attributes": [],
          "private": "eyJlMmJmYjczMC1lY2FhLTExZTYtOGY4OC0zNDM2M2JjN2M0YzAiOnsiY3JlYXRlIjo2MDAwMDAwMDAwMDAsImRlbGV0ZSI6MTIwMDAwMDAwMDAwMH0sInNjaGVtYV92ZXJzaW9uIjoiMSJ9",
          "dependencies": [
            "aws_vpc.main"
          ]
        },
        {
          "index_key": "public_b",
          "schema_version": 1,
          "attributes": {
            "arn": "arn:aws:ec2:us-east-1:649671357648:subnet/subnet-02befc7c60f7d8414",
            "assign_ipv6_address_on_creation": false,
            "availability_zone": "us-east-1b",
            "availability_zone_id": "use1-az6",
            "cidr_block": "10.0.2.0/24",
            "customer_owned_ipv4_pool": "",
            "enable_dns64": false,
            "enable_lni_at_device_index": 0,
            "enable_resource_name_dns_a_record_on_launch": false,
            "enable_resource_name_dns_aaaa_record_on_launch": false,
            "id": "subnet-02befc7c60f7d8414",
            "ipv4_ipam_pool_id": null,
            "ipv4_netmask_length": null,
            "ipv6_cidr_block": "",
            "ipv6_cidr_block_association_id": "",
            "ipv6_ipam_pool_id": null,
            "ipv6_native": false,
            "ipv6_netmask_length": null,
            "map_customer_owned_ip_on_launch": false,
            "map_public_ip_on_launch": true,
            "outpost_arn": "",
            "owner_id": "649671357648",
            "private_dns_hostname_type_on_launch": "ip-name",
            "region": "us-east-1",
            "tags": {
              "Name": "multicloud-devsecops-dev-public_b",
              "Tier": "Public"
            },
            "tags_all": {
              "Environment": "dev",
              "ManagedBy": "Terraform",
              "Name": "multicloud-devsecops-dev-public_b",
              "Project": "multicloud-devsecops",
              "Tier": "Public"
            },
            "timeouts": null,
            "vpc_id": "vpc-0640ef6e789c53382"
          },
          "sensitive_attributes": [],
          "private": "eyJlMmJmYjczMC1lY2FhLTExZTYtOGY4OC0zNDM2M2JjN2M0YzAiOnsiY3JlYXRlIjo2MDAwMDAwMDAwMDAsImRlbGV0ZSI6MTIwMDAwMDAwMDAwMH0sInNjaGVtYV92ZXJzaW9uIjoiMSJ9",
          "dependencies": [
            "aws_vpc.main"
          ]
        }
      ]
    },
    {
      "mode": "managed",
      "type": "aws_vpc",
      "name": "main",
      "provider": "provider[\"registry.terraform.io/hashicorp/aws\"]",
      "instances": [
        {
          "schema_version": 1,
          "attributes": {
            "arn": "arn:aws:ec2:us-east-1:649671357648:vpc/vpc-0640ef6e789c53382",
            "assign_generated_ipv6_cidr_block": false,
            "cidr_block": "10.0.0.0/16",
            "default_network_acl_id": "acl-0568473dfa3a73c8d",
            "default_route_table_id": "rtb-01b994bd52db00a05",
            "default_security_group_id": "sg-068ca5bab41e91cf6",
            "dhcp_options_id": "dopt-04711967b50501de0",
            "enable_dns_hostnames": true,
            "enable_dns_support": true,
            "enable_network_address_usage_metrics": false,
            "id": "vpc-0640ef6e789c53382",
            "instance_tenancy": "default",
            "ipv4_ipam_pool_id": null,
            "ipv4_netmask_length": null,
            "ipv6_association_id": "",
            "ipv6_cidr_block": "",
            "ipv6_cidr_block_network_border_group": "",
            "ipv6_ipam_pool_id": "",
            "ipv6_netmask_length": 0,
            "main_route_table_id": "rtb-01b994bd52db00a05",
            "owner_id": "649671357648",
            "region": "us-east-1",
            "tags": {
              "Name": "multicloud-devsecops-dev-vpc"
            },
            "tags_all": {
              "Environment": "dev",
              "ManagedBy": "Terraform",
              "Name": "multicloud-devsecops-dev-vpc",
              "Project": "multicloud-devsecops"
            }
          },
          "sensitive_attributes": [],
          "private": "eyJzY2hlbWFfdmVyc2lvbiI6IjEifQ=="
        }
      ]
    },
    {
      "mode": "managed",
      "type": "helm_release",
      "name": "aws_load_balancer_controller",
      "provider": "provider[\"registry.terraform.io/hashicorp/helm\"]",
      "instances": [
        {
          "schema_version": 2,
          "attributes": {
            "atomic": false,
            "chart": "aws-load-balancer-controller",
            "cleanup_on_fail": false,
            "create_namespace": false,
            "dependency_update": false,
            "description": null,
            "devel": null,
            "disable_crd_hooks": false,
            "disable_openapi_validation": false,
            "disable_webhooks": false,
            "force_update": false,
            "id": "aws-load-balancer-controller",
            "keyring": null,
            "lint": false,
            "manifest": null,
            "max_history": 0,
            "metadata": {
              "app_version": "v2.13.0",
              "chart": "aws-load-balancer-controller",
              "first_deployed": 1785828218,
              "last_deployed": 1785828218,
              "name": "aws-load-balancer-controller",
              "namespace": "kube-system",
              "notes": "AWS Load Balancer controller installed!\n",
              "revision": 1,
              "values": "{\"clusterName\":\"multicloud-devsecops-dev-eks\",\"region\":\"us-east-1\",\"serviceAccount\":{\"annotations\":{\"eks.amazonaws.com/role-arn\":\"arn:aws:iam::649671357648:role/multicloud-devsecops-dev-aws-load-balancer-controller-role\"},\"create\":true,\"name\":\"aws-load-balancer-controller\"},\"vpcId\":\"vpc-0640ef6e789c53382\"}",
              "version": "1.13.0"
            },
            "name": "aws-load-balancer-controller",
            "namespace": "kube-system",
            "pass_credentials": false,
            "postrender": null,
            "recreate_pods": false,
            "render_subchart_notes": true,
            "replace": false,
            "repository": "https://aws.github.io/eks-charts",
            "repository_ca_file": null,
            "repository_cert_file": null,
            "repository_key_file": null,
            "repository_password": null,
            "repository_username": null,
            "reset_values": false,
            "resources": null,
            "reuse_values": false,
            "set": [
              {
                "name": "clusterName",
                "type": "",
                "value": "multicloud-devsecops-dev-eks"
              },
              {
                "name": "region",
                "type": "",
                "value": "us-east-1"
              },
              {
                "name": "vpcId",
                "type": "",
                "value": "vpc-0640ef6e789c53382"
              },
              {
                "name": "serviceAccount.create",
                "type": "",
                "value": "true"
              },
              {
                "name": "serviceAccount.name",
                "type": "",
                "value": "aws-load-balancer-controller"
              },
              {
                "name": "serviceAccount.annotations.eks\\.amazonaws\\.com/role-arn",
                "type": "",
                "value": "arn:aws:iam::649671357648:role/multicloud-devsecops-dev-aws-load-balancer-controller-role"
              }
            ],
            "set_list": null,
            "set_sensitive": null,
            "set_wo": null,
            "set_wo_revision": null,
            "skip_crds": false,
            "status": "deployed",
            "take_ownership": false,
            "timeout": 600,
            "timeouts": null,
            "upgrade_install": false,
            "values": null,
            "verify": false,
            "version": "1.13.0",
            "wait": true,
            "wait_for_jobs": false
          },
          "sensitive_attributes": [
            [
              {
                "type": "get_attr",
                "value": "repository_password"
              }
            ]
          ],
          "dependencies": [
            "aws_eks_cluster.main",
            "aws_eks_node_group.main",
            "aws_iam_openid_connect_provider.eks",
            "aws_iam_policy.aws_load_balancer_controller",
            "aws_iam_role.aws_load_balancer_controller",
            "aws_iam_role.eks_cluster_role",
            "aws_iam_role.eks_node_role",
            "aws_iam_role_policy_attachment.aws_load_balancer_controller",
            "aws_iam_role_policy_attachment.eks_cluster_policy",
            "aws_iam_role_policy_attachment.eks_cni_policy",
            "aws_iam_role_policy_attachment.eks_container_registry_read_only",
            "aws_iam_role_policy_attachment.eks_worker_node_policy",
            "aws_security_group.eks_sg",
            "aws_subnet.private",
            "aws_vpc.main",
            "data.tls_certificate.eks"
          ]
        }
      ]
    }
  ],
  "check_results": null
}
